// !$*UTF8*$!
{
	archiveVersion = 1;
	classes = {
	};
	objectVersion = 55;
	objects = {

/* Begin PBXBuildFile section */
		BA44772E28587ED30045DDB8 /* AppDelegate.swift in Sources */ = {isa = PBXBuildFile; fileRef = BA44772D28587ED30045DDB8 /* AppDelegate.swift */; };
		BA44773028587ED30045DDB8 /* SceneDelegate.swift in Sources */ = {isa = PBXBuildFile; fileRef = BA44772F28587ED30045DDB8 /* SceneDelegate.swift */; };
		BA44773228587ED30045DDB8 /* ViewController.swift in Sources */ = {isa = PBXBuildFile; fileRef = BA44773128587ED30045DDB8 /* ViewController.swift */; };
		BA44773528587ED30045DDB8 /* Main.storyboard in Resources */ = {isa = PBXBuildFile; fileRef = BA44773328587ED30045DDB8 /* Main.storyboard */; };
		BA44773728587ED60045DDB8 /* Assets.xcassets in Resources */ = {isa = PBXBuildFile; fileRef = BA44773628587ED60045DDB8 /* Assets.xcassets */; };
		BA44773A28587ED60045DDB8 /* LaunchScreen.storyboard in Resources */ = {isa = PBXBuildFile; fileRef = BA44773828587ED60045DDB8 /* LaunchScreen.storyboard */; };
		BA44774728588D150045DDB8 /* MainTabController.swift in Sources */ = {isa = PBXBuildFile; fileRef = BA44774628588D150045DDB8 /* MainTabController.swift */; };
		BA44774928588E720045DDB8 /* HomeController.swift in Sources */ = {isa = PBXBuildFile; fileRef = BA44774828588E720045DDB8 /* HomeController.swift */; };
		BA44774B28588ECA0045DDB8 /* ExploreController.swift in Sources */ = {isa = PBXBuildFile; fileRef = BA44774A28588ECA0045DDB8 /* ExploreController.swift */; };
		BA44774D28588F4B0045DDB8 /* MeetController.swift in Sources */ = {isa = PBXBuildFile; fileRef = BA44774C28588F4B0045DDB8 /* MeetController.swift */; };
		BA44774F28588FE40045DDB8 /* CollectionController.swift in Sources */ = {isa = PBXBuildFile; fileRef = BA44774E28588FE40045DDB8 /* CollectionController.swift */; };
		BA44775128588FFD0045DDB8 /* ProfileController.swift in Sources */ = {isa = PBXBuildFile; fileRef = BA44775028588FFD0045DDB8 /* ProfileController.swift */; };
		BA4477542858A7A70045DDB8 /* GoogleService-Info.plist in Resources */ = {isa = PBXBuildFile; fileRef = BA4477532858A7A70045DDB8 /* GoogleService-Info.plist */; };
		BA44775E2858BCB80045DDB8 /* UIViewController+Extension.swift in Sources */ = {isa = PBXBuildFile; fileRef = BA44775D2858BCB80045DDB8 /* UIViewController+Extension.swift */; };
		BA4477602858BCCB0045DDB8 /* UIView+Extension.swift in Sources */ = {isa = PBXBuildFile; fileRef = BA44775F2858BCCB0045DDB8 /* UIView+Extension.swift */; };
		BA4477622858BCE70045DDB8 /* UIButton+Extension.swift in Sources */ = {isa = PBXBuildFile; fileRef = BA4477612858BCE70045DDB8 /* UIButton+Extension.swift */; };
		BA4477652858BDD40045DDB8 /* KingFisherWrapper.swift in Sources */ = {isa = PBXBuildFile; fileRef = BA4477642858BDD40045DDB8 /* KingFisherWrapper.swift */; };
		BA4477672858BDEE0045DDB8 /* MJRefreshWrapper.swift in Sources */ = {isa = PBXBuildFile; fileRef = BA4477662858BDEE0045DDB8 /* MJRefreshWrapper.swift */; };
		BA4477692858BE090045DDB8 /* JGProgressHUDWrapper.swift in Sources */ = {isa = PBXBuildFile; fileRef = BA4477682858BE090045DDB8 /* JGProgressHUDWrapper.swift */; };
		BA44776B2858BED90045DDB8 /* UIColor+Extension.swift in Sources */ = {isa = PBXBuildFile; fileRef = BA44776A2858BED90045DDB8 /* UIColor+Extension.swift */; };
		BA44776F2858C1560045DDB8 /* UIImage+Extension.swift in Sources */ = {isa = PBXBuildFile; fileRef = BA44776E2858C1560045DDB8 /* UIImage+Extension.swift */; };
		BA4477712858CC120045DDB8 /* UIFont+Extension.swift in Sources */ = {isa = PBXBuildFile; fileRef = BA4477702858CC120045DDB8 /* UIFont+Extension.swift */; };
		BA4477752858CFAE0045DDB8 /* NotoSansCJKtc-Medium.otf in Resources */ = {isa = PBXBuildFile; fileRef = BA4477732858CFAE0045DDB8 /* NotoSansCJKtc-Medium.otf */; };
		BA4477762858CFAE0045DDB8 /* NotoSansCJKtc-Regular.otf in Resources */ = {isa = PBXBuildFile; fileRef = BA4477742858CFAE0045DDB8 /* NotoSansCJKtc-Regular.otf */; };
		BA4477782858D05F0045DDB8 /* UIScreen+Extension.swift in Sources */ = {isa = PBXBuildFile; fileRef = BA4477772858D05F0045DDB8 /* UIScreen+Extension.swift */; };
		BA44777A2858D1F70045DDB8 /* identifiers.swift in Sources */ = {isa = PBXBuildFile; fileRef = BA4477792858D1F70045DDB8 /* identifiers.swift */; };
		BA44777C2858D3E10045DDB8 /* UILabel+Extension.swift in Sources */ = {isa = PBXBuildFile; fileRef = BA44777B2858D3E10045DDB8 /* UILabel+Extension.swift */; };
		BA44777E2858D61B0045DDB8 /* String+Extension.swift in Sources */ = {isa = PBXBuildFile; fileRef = BA44777D2858D61B0045DDB8 /* String+Extension.swift */; };
		BA4477802858D6680045DDB8 /* NSLocalizedString+Extension.swift in Sources */ = {isa = PBXBuildFile; fileRef = BA44777F2858D6680045DDB8 /* NSLocalizedString+Extension.swift */; };
		BA4477822858D79D0045DDB8 /* CCConstant.swift in Sources */ = {isa = PBXBuildFile; fileRef = BA4477812858D79D0045DDB8 /* CCConstant.swift */; };
		BA4477842858D8960045DDB8 /* Factory.swift in Sources */ = {isa = PBXBuildFile; fileRef = BA4477832858D8960045DDB8 /* Factory.swift */; };
		BA44778C285961A50045DDB8 /* FeedCell.swift in Sources */ = {isa = PBXBuildFile; fileRef = BA44778B285961A50045DDB8 /* FeedCell.swift */; };
		F3CA363722C8C7AF9DC7484D /* Pods_CatCafe.framework in Frameworks */ = {isa = PBXBuildFile; fileRef = 91DB69D591917799CE505D79 /* Pods_CatCafe.framework */; };
/* End PBXBuildFile section */

/* Begin PBXFileReference section */
		4E0E47A2693EFAE274521BB1 /* Pods-CatCafe.debug.xcconfig */ = {isa = PBXFileReference; includeInIndex = 1; lastKnownFileType = text.xcconfig; name = "Pods-CatCafe.debug.xcconfig"; path = "Target Support Files/Pods-CatCafe/Pods-CatCafe.debug.xcconfig"; sourceTree = "<group>"; };
		8852A86100C2CA5E83D874BE /* Pods-CatCafe.release.xcconfig */ = {isa = PBXFileReference; includeInIndex = 1; lastKnownFileType = text.xcconfig; name = "Pods-CatCafe.release.xcconfig"; path = "Target Support Files/Pods-CatCafe/Pods-CatCafe.release.xcconfig"; sourceTree = "<group>"; };
		91DB69D591917799CE505D79 /* Pods_CatCafe.framework */ = {isa = PBXFileReference; explicitFileType = wrapper.framework; includeInIndex = 0; path = Pods_CatCafe.framework; sourceTree = BUILT_PRODUCTS_DIR; };
		BA44772A28587ED30045DDB8 /* CatCafe.app */ = {isa = PBXFileReference; explicitFileType = wrapper.application; includeInIndex = 0; path = CatCafe.app; sourceTree = BUILT_PRODUCTS_DIR; };
		BA44772D28587ED30045DDB8 /* AppDelegate.swift */ = {isa = PBXFileReference; lastKnownFileType = sourcecode.swift; path = AppDelegate.swift; sourceTree = "<group>"; };
		BA44772F28587ED30045DDB8 /* SceneDelegate.swift */ = {isa = PBXFileReference; lastKnownFileType = sourcecode.swift; path = SceneDelegate.swift; sourceTree = "<group>"; };
		BA44773128587ED30045DDB8 /* ViewController.swift */ = {isa = PBXFileReference; lastKnownFileType = sourcecode.swift; path = ViewController.swift; sourceTree = "<group>"; };
		BA44773428587ED30045DDB8 /* Base */ = {isa = PBXFileReference; lastKnownFileType = file.storyboard; name = Base; path = Base.lproj/Main.storyboard; sourceTree = "<group>"; };
		BA44773628587ED60045DDB8 /* Assets.xcassets */ = {isa = PBXFileReference; lastKnownFileType = folder.assetcatalog; path = Assets.xcassets; sourceTree = "<group>"; };
		BA44773928587ED60045DDB8 /* Base */ = {isa = PBXFileReference; lastKnownFileType = file.storyboard; name = Base; path = Base.lproj/LaunchScreen.storyboard; sourceTree = "<group>"; };
		BA44773B28587ED60045DDB8 /* Info.plist */ = {isa = PBXFileReference; lastKnownFileType = text.plist.xml; path = Info.plist; sourceTree = "<group>"; };
		BA44774628588D150045DDB8 /* MainTabController.swift */ = {isa = PBXFileReference; lastKnownFileType = sourcecode.swift; path = MainTabController.swift; sourceTree = "<group>"; };
		BA44774828588E720045DDB8 /* HomeController.swift */ = {isa = PBXFileReference; lastKnownFileType = sourcecode.swift; path = HomeController.swift; sourceTree = "<group>"; };
		BA44774A28588ECA0045DDB8 /* ExploreController.swift */ = {isa = PBXFileReference; lastKnownFileType = sourcecode.swift; path = ExploreController.swift; sourceTree = "<group>"; };
		BA44774C28588F4B0045DDB8 /* MeetController.swift */ = {isa = PBXFileReference; lastKnownFileType = sourcecode.swift; path = MeetController.swift; sourceTree = "<group>"; };
		BA44774E28588FE40045DDB8 /* CollectionController.swift */ = {isa = PBXFileReference; lastKnownFileType = sourcecode.swift; path = CollectionController.swift; sourceTree = "<group>"; };
		BA44775028588FFD0045DDB8 /* ProfileController.swift */ = {isa = PBXFileReference; lastKnownFileType = sourcecode.swift; path = ProfileController.swift; sourceTree = "<group>"; };
		BA4477532858A7A70045DDB8 /* GoogleService-Info.plist */ = {isa = PBXFileReference; fileEncoding = 4; lastKnownFileType = text.plist.xml; path = "GoogleService-Info.plist"; sourceTree = "<group>"; };
		BA44775D2858BCB80045DDB8 /* UIViewController+Extension.swift */ = {isa = PBXFileReference; lastKnownFileType = sourcecode.swift; path = "UIViewController+Extension.swift"; sourceTree = "<group>"; };
		BA44775F2858BCCB0045DDB8 /* UIView+Extension.swift */ = {isa = PBXFileReference; lastKnownFileType = sourcecode.swift; path = "UIView+Extension.swift"; sourceTree = "<group>"; };
		BA4477612858BCE70045DDB8 /* UIButton+Extension.swift */ = {isa = PBXFileReference; lastKnownFileType = sourcecode.swift; path = "UIButton+Extension.swift"; sourceTree = "<group>"; };
		BA4477642858BDD40045DDB8 /* KingFisherWrapper.swift */ = {isa = PBXFileReference; lastKnownFileType = sourcecode.swift; path = KingFisherWrapper.swift; sourceTree = "<group>"; };
		BA4477662858BDEE0045DDB8 /* MJRefreshWrapper.swift */ = {isa = PBXFileReference; lastKnownFileType = sourcecode.swift; path = MJRefreshWrapper.swift; sourceTree = "<group>"; };
		BA4477682858BE090045DDB8 /* JGProgressHUDWrapper.swift */ = {isa = PBXFileReference; lastKnownFileType = sourcecode.swift; path = JGProgressHUDWrapper.swift; sourceTree = "<group>"; };
		BA44776A2858BED90045DDB8 /* UIColor+Extension.swift */ = {isa = PBXFileReference; lastKnownFileType = sourcecode.swift; path = "UIColor+Extension.swift"; sourceTree = "<group>"; };
		BA44776E2858C1560045DDB8 /* UIImage+Extension.swift */ = {isa = PBXFileReference; lastKnownFileType = sourcecode.swift; path = "UIImage+Extension.swift"; sourceTree = "<group>"; };
		BA4477702858CC120045DDB8 /* UIFont+Extension.swift */ = {isa = PBXFileReference; lastKnownFileType = sourcecode.swift; path = "UIFont+Extension.swift"; sourceTree = "<group>"; };
		BA4477732858CFAE0045DDB8 /* NotoSansCJKtc-Medium.otf */ = {isa = PBXFileReference; lastKnownFileType = file; path = "NotoSansCJKtc-Medium.otf"; sourceTree = "<group>"; };
		BA4477742858CFAE0045DDB8 /* NotoSansCJKtc-Regular.otf */ = {isa = PBXFileReference; lastKnownFileType = file; path = "NotoSansCJKtc-Regular.otf"; sourceTree = "<group>"; };
		BA4477772858D05F0045DDB8 /* UIScreen+Extension.swift */ = {isa = PBXFileReference; lastKnownFileType = sourcecode.swift; path = "UIScreen+Extension.swift"; sourceTree = "<group>"; };
		BA4477792858D1F70045DDB8 /* identifiers.swift */ = {isa = PBXFileReference; lastKnownFileType = sourcecode.swift; path = identifiers.swift; sourceTree = "<group>"; };
		BA44777B2858D3E10045DDB8 /* UILabel+Extension.swift */ = {isa = PBXFileReference; lastKnownFileType = sourcecode.swift; path = "UILabel+Extension.swift"; sourceTree = "<group>"; };
		BA44777D2858D61B0045DDB8 /* String+Extension.swift */ = {isa = PBXFileReference; lastKnownFileType = sourcecode.swift; path = "String+Extension.swift"; sourceTree = "<group>"; };
		BA44777F2858D6680045DDB8 /* NSLocalizedString+Extension.swift */ = {isa = PBXFileReference; lastKnownFileType = sourcecode.swift; path = "NSLocalizedString+Extension.swift"; sourceTree = "<group>"; };
		BA4477812858D79D0045DDB8 /* CCConstant.swift */ = {isa = PBXFileReference; lastKnownFileType = sourcecode.swift; path = CCConstant.swift; sourceTree = "<group>"; };
		BA4477832858D8960045DDB8 /* Factory.swift */ = {isa = PBXFileReference; lastKnownFileType = sourcecode.swift; path = Factory.swift; sourceTree = "<group>"; };
		BA44778B285961A50045DDB8 /* FeedCell.swift */ = {isa = PBXFileReference; lastKnownFileType = sourcecode.swift; path = FeedCell.swift; sourceTree = "<group>"; };
/* End PBXFileReference section */

/* Begin PBXFrameworksBuildPhase section */
		BA44772728587ED30045DDB8 /* Frameworks */ = {
			isa = PBXFrameworksBuildPhase;
			buildActionMask = 2147483647;
			files = (
				F3CA363722C8C7AF9DC7484D /* Pods_CatCafe.framework in Frameworks */,
			);
			runOnlyForDeploymentPostprocessing = 0;
		};
/* End PBXFrameworksBuildPhase section */

/* Begin PBXGroup section */
		35ECCE871A9DD78F4A1B448E /* Pods */ = {
			isa = PBXGroup;
			children = (
				4E0E47A2693EFAE274521BB1 /* Pods-CatCafe.debug.xcconfig */,
				8852A86100C2CA5E83D874BE /* Pods-CatCafe.release.xcconfig */,
			);
			path = Pods;
			sourceTree = "<group>";
		};
		6F1BF586B6062EF56D130786 /* Frameworks */ = {
			isa = PBXGroup;
			children = (
				91DB69D591917799CE505D79 /* Pods_CatCafe.framework */,
			);
			name = Frameworks;
			sourceTree = "<group>";
		};
		BA44772128587ED30045DDB8 = {
			isa = PBXGroup;
			children = (
				BA44772C28587ED30045DDB8 /* CatCafe */,
				BA44772B28587ED30045DDB8 /* Products */,
				35ECCE871A9DD78F4A1B448E /* Pods */,
				6F1BF586B6062EF56D130786 /* Frameworks */,
			);
			sourceTree = "<group>";
		};
		BA44772B28587ED30045DDB8 /* Products */ = {
			isa = PBXGroup;
			children = (
				BA44772A28587ED30045DDB8 /* CatCafe.app */,
			);
			name = Products;
			sourceTree = "<group>";
		};
		BA44772C28587ED30045DDB8 /* CatCafe */ = {
			isa = PBXGroup;
			children = (
				BA4477632858BDA40045DDB8 /* Third Party Wrapper */,
				BA4477552858BB940045DDB8 /* Utils */,
				BA44774428588C980045DDB8 /* Controller */,
				BA44774328588C910045DDB8 /* ViewModel */,
				BA44774228588C8C0045DDB8 /* View */,
				BA44774128588C810045DDB8 /* Model */,
				BA44772D28587ED30045DDB8 /* AppDelegate.swift */,
				BA44772F28587ED30045DDB8 /* SceneDelegate.swift */,
				BA44773128587ED30045DDB8 /* ViewController.swift */,
				BA44773628587ED60045DDB8 /* Assets.xcassets */,
				BA44773328587ED30045DDB8 /* Main.storyboard */,
				BA44773828587ED60045DDB8 /* LaunchScreen.storyboard */,
				BA4477532858A7A70045DDB8 /* GoogleService-Info.plist */,
				BA44773B28587ED60045DDB8 /* Info.plist */,
			);
			path = CatCafe;
			sourceTree = "<group>";
		};
		BA44774128588C810045DDB8 /* Model */ = {
			isa = PBXGroup;
			children = (
			);
			path = Model;
			sourceTree = "<group>";
		};
		BA44774228588C8C0045DDB8 /* View */ = {
			isa = PBXGroup;
			children = (
				BA44778A285961940045DDB8 /* Home */,
			);
			path = View;
			sourceTree = "<group>";
		};
		BA44774328588C910045DDB8 /* ViewModel */ = {
			isa = PBXGroup;
			children = (
			);
			path = ViewModel;
			sourceTree = "<group>";
		};
		BA44774428588C980045DDB8 /* Controller */ = {
			isa = PBXGroup;
			children = (
				BA44774528588CA90045DDB8 /* Tabs */,
			);
			path = Controller;
			sourceTree = "<group>";
		};
		BA44774528588CA90045DDB8 /* Tabs */ = {
			isa = PBXGroup;
			children = (
				BA44774628588D150045DDB8 /* MainTabController.swift */,
				BA44774828588E720045DDB8 /* HomeController.swift */,
				BA44774A28588ECA0045DDB8 /* ExploreController.swift */,
				BA44774C28588F4B0045DDB8 /* MeetController.swift */,
				BA44774E28588FE40045DDB8 /* CollectionController.swift */,
				BA44775028588FFD0045DDB8 /* ProfileController.swift */,
			);
			path = Tabs;
			sourceTree = "<group>";
		};
		BA4477522858A77F0045DDB8 /* Extensions */ = {
			isa = PBXGroup;
			children = (
				BA44775D2858BCB80045DDB8 /* UIViewController+Extension.swift */,
				BA44775F2858BCCB0045DDB8 /* UIView+Extension.swift */,
				BA4477612858BCE70045DDB8 /* UIButton+Extension.swift */,
				BA44776A2858BED90045DDB8 /* UIColor+Extension.swift */,
				BA44776E2858C1560045DDB8 /* UIImage+Extension.swift */,
				BA4477702858CC120045DDB8 /* UIFont+Extension.swift */,
				BA4477772858D05F0045DDB8 /* UIScreen+Extension.swift */,
				BA4477792858D1F70045DDB8 /* identifiers.swift */,
				BA44777B2858D3E10045DDB8 /* UILabel+Extension.swift */,
				BA44777D2858D61B0045DDB8 /* String+Extension.swift */,
				BA44777F2858D6680045DDB8 /* NSLocalizedString+Extension.swift */,
			);
			path = Extensions;
			sourceTree = "<group>";
		};
		BA4477552858BB940045DDB8 /* Utils */ = {
			isa = PBXGroup;
			children = (
				BA4477522858A77F0045DDB8 /* Extensions */,
				BA4477562858BBA10045DDB8 /* Constants */,
				BA4477722858CFAE0045DDB8 /* Font */,
				BA4477572858BBB70045DDB8 /* Factory */,
			);
			path = Utils;
			sourceTree = "<group>";
		};
		BA4477562858BBA10045DDB8 /* Constants */ = {
			isa = PBXGroup;
			children = (
				BA4477812858D79D0045DDB8 /* CCConstant.swift */,
			);
			path = Constants;
			sourceTree = "<group>";
		};
		BA4477572858BBB70045DDB8 /* Factory */ = {
			isa = PBXGroup;
			children = (
				BA4477832858D8960045DDB8 /* Factory.swift */,
			);
			name = Factory;
			sourceTree = "<group>";
		};
		BA4477632858BDA40045DDB8 /* Third Party Wrapper */ = {
			isa = PBXGroup;
			children = (
				BA4477642858BDD40045DDB8 /* KingFisherWrapper.swift */,
				BA4477662858BDEE0045DDB8 /* MJRefreshWrapper.swift */,
				BA4477682858BE090045DDB8 /* JGProgressHUDWrapper.swift */,
			);
			path = "Third Party Wrapper";
			sourceTree = "<group>";
		};
		BA4477722858CFAE0045DDB8 /* Font */ = {
			isa = PBXGroup;
			children = (
				BA4477732858CFAE0045DDB8 /* NotoSansCJKtc-Medium.otf */,
				BA4477742858CFAE0045DDB8 /* NotoSansCJKtc-Regular.otf */,
			);
			path = Font;
			sourceTree = "<group>";
		};
		BA44778A285961940045DDB8 /* Home */ = {
			isa = PBXGroup;
			children = (
				BA44778B285961A50045DDB8 /* FeedCell.swift */,
			);
			path = Home;
			sourceTree = "<group>";
		};
/* End PBXGroup section */

/* Begin PBXNativeTarget section */
		BA44772928587ED30045DDB8 /* CatCafe */ = {
			isa = PBXNativeTarget;
			buildConfigurationList = BA44773E28587ED60045DDB8 /* Build configuration list for PBXNativeTarget "CatCafe" */;
			buildPhases = (
				0A9A83D09B2BD252C1F13597 /* [CP] Check Pods Manifest.lock */,
				BA44772628587ED30045DDB8 /* Sources */,
				BA44772728587ED30045DDB8 /* Frameworks */,
				BA44772828587ED30045DDB8 /* Resources */,
				E3191DA17DA51059EA7203C8 /* [CP] Embed Pods Frameworks */,
				BA447789285956C80045DDB8 /* SwiftLint */,
			);
			buildRules = (
			);
			dependencies = (
			);
			name = CatCafe;
			productName = CatCafe;
			productReference = BA44772A28587ED30045DDB8 /* CatCafe.app */;
			productType = "com.apple.product-type.application";
		};
/* End PBXNativeTarget section */

/* Begin PBXProject section */
		BA44772228587ED30045DDB8 /* Project object */ = {
			isa = PBXProject;
			attributes = {
				BuildIndependentTargetsInParallel = 1;
				LastSwiftUpdateCheck = 1300;
				LastUpgradeCheck = 1300;
				TargetAttributes = {
					BA44772928587ED30045DDB8 = {
						CreatedOnToolsVersion = 13.0;
					};
				};
			};
			buildConfigurationList = BA44772528587ED30045DDB8 /* Build configuration list for PBXProject "CatCafe" */;
			compatibilityVersion = "Xcode 13.0";
			developmentRegion = en;
			hasScannedForEncodings = 0;
			knownRegions = (
				en,
				Base,
			);
			mainGroup = BA44772128587ED30045DDB8;
			productRefGroup = BA44772B28587ED30045DDB8 /* Products */;
			projectDirPath = "";
			projectRoot = "";
			targets = (
				BA44772928587ED30045DDB8 /* CatCafe */,
			);
		};
/* End PBXProject section */

/* Begin PBXResourcesBuildPhase section */
		BA44772828587ED30045DDB8 /* Resources */ = {
			isa = PBXResourcesBuildPhase;
			buildActionMask = 2147483647;
			files = (
				BA4477752858CFAE0045DDB8 /* NotoSansCJKtc-Medium.otf in Resources */,
				BA44773A28587ED60045DDB8 /* LaunchScreen.storyboard in Resources */,
				BA4477542858A7A70045DDB8 /* GoogleService-Info.plist in Resources */,
				BA4477762858CFAE0045DDB8 /* NotoSansCJKtc-Regular.otf in Resources */,
				BA44773728587ED60045DDB8 /* Assets.xcassets in Resources */,
				BA44773528587ED30045DDB8 /* Main.storyboard in Resources */,
			);
			runOnlyForDeploymentPostprocessing = 0;
		};
/* End PBXResourcesBuildPhase section */

/* Begin PBXShellScriptBuildPhase section */
		0A9A83D09B2BD252C1F13597 /* [CP] Check Pods Manifest.lock */ = {
			isa = PBXShellScriptBuildPhase;
			buildActionMask = 2147483647;
			files = (
			);
			inputFileListPaths = (
			);
			inputPaths = (
				"${PODS_PODFILE_DIR_PATH}/Podfile.lock",
				"${PODS_ROOT}/Manifest.lock",
			);
			name = "[CP] Check Pods Manifest.lock";
			outputFileListPaths = (
			);
			outputPaths = (
				"$(DERIVED_FILE_DIR)/Pods-CatCafe-checkManifestLockResult.txt",
			);
			runOnlyForDeploymentPostprocessing = 0;
			shellPath = /bin/sh;
			shellScript = "diff \"${PODS_PODFILE_DIR_PATH}/Podfile.lock\" \"${PODS_ROOT}/Manifest.lock\" > /dev/null\nif [ $? != 0 ] ; then\n    # print error to STDERR\n    echo \"error: The sandbox is not in sync with the Podfile.lock. Run 'pod install' or update your CocoaPods installation.\" >&2\n    exit 1\nfi\n# This output is used by Xcode 'outputs' to avoid re-running this script phase.\necho \"SUCCESS\" > \"${SCRIPT_OUTPUT_FILE_0}\"\n";
			showEnvVarsInLog = 0;
		};
		BA447789285956C80045DDB8 /* SwiftLint */ = {
			isa = PBXShellScriptBuildPhase;
			buildActionMask = 2147483647;
			files = (
			);
			inputFileListPaths = (
			);
			inputPaths = (
			);
			name = SwiftLint;
			outputFileListPaths = (
			);
			outputPaths = (
			);
			runOnlyForDeploymentPostprocessing = 0;
			shellPath = /bin/sh;
			shellScript = "\"${PODS_ROOT}/SwiftLint/swiftlint\"\n";
		};
		E3191DA17DA51059EA7203C8 /* [CP] Embed Pods Frameworks */ = {
			isa = PBXShellScriptBuildPhase;
			buildActionMask = 2147483647;
			files = (
			);
			inputFileListPaths = (
				"${PODS_ROOT}/Target Support Files/Pods-CatCafe/Pods-CatCafe-frameworks-${CONFIGURATION}-input-files.xcfilelist",
			);
			name = "[CP] Embed Pods Frameworks";
			outputFileListPaths = (
				"${PODS_ROOT}/Target Support Files/Pods-CatCafe/Pods-CatCafe-frameworks-${CONFIGURATION}-output-files.xcfilelist",
			);
			runOnlyForDeploymentPostprocessing = 0;
			shellPath = /bin/sh;
			shellScript = "\"${PODS_ROOT}/Target Support Files/Pods-CatCafe/Pods-CatCafe-frameworks.sh\"\n";
			showEnvVarsInLog = 0;
		};
/* End PBXShellScriptBuildPhase section */

/* Begin PBXSourcesBuildPhase section */
		BA44772628587ED30045DDB8 /* Sources */ = {
			isa = PBXSourcesBuildPhase;
			buildActionMask = 2147483647;
			files = (
				BA4477672858BDEE0045DDB8 /* MJRefreshWrapper.swift in Sources */,
				BA44778C285961A50045DDB8 /* FeedCell.swift in Sources */,
				BA4477602858BCCB0045DDB8 /* UIView+Extension.swift in Sources */,
				BA4477692858BE090045DDB8 /* JGProgressHUDWrapper.swift in Sources */,
				BA44774D28588F4B0045DDB8 /* MeetController.swift in Sources */,
				BA44773228587ED30045DDB8 /* ViewController.swift in Sources */,
				BA44772E28587ED30045DDB8 /* AppDelegate.swift in Sources */,
				BA4477712858CC120045DDB8 /* UIFont+Extension.swift in Sources */,
				BA44774728588D150045DDB8 /* MainTabController.swift in Sources */,
				BA44776B2858BED90045DDB8 /* UIColor+Extension.swift in Sources */,
				BA4477652858BDD40045DDB8 /* KingFisherWrapper.swift in Sources */,
				BA4477802858D6680045DDB8 /* NSLocalizedString+Extension.swift in Sources */,
				BA4477822858D79D0045DDB8 /* CCConstant.swift in Sources */,
				BA4477622858BCE70045DDB8 /* UIButton+Extension.swift in Sources */,
				BA44773028587ED30045DDB8 /* SceneDelegate.swift in Sources */,
				BA44777E2858D61B0045DDB8 /* String+Extension.swift in Sources */,
				BA44775128588FFD0045DDB8 /* ProfileController.swift in Sources */,
				BA44776F2858C1560045DDB8 /* UIImage+Extension.swift in Sources */,
				BA44774F28588FE40045DDB8 /* CollectionController.swift in Sources */,
				BA44774928588E720045DDB8 /* HomeController.swift in Sources */,
				BA4477842858D8960045DDB8 /* Factory.swift in Sources */,
				BA4477782858D05F0045DDB8 /* UIScreen+Extension.swift in Sources */,
				BA44777C2858D3E10045DDB8 /* UILabel+Extension.swift in Sources */,
				BA44775E2858BCB80045DDB8 /* UIViewController+Extension.swift in Sources */,
				BA44777A2858D1F70045DDB8 /* identifiers.swift in Sources */,
				BA44774B28588ECA0045DDB8 /* ExploreController.swift in Sources */,
			);
			runOnlyForDeploymentPostprocessing = 0;
		};
/* End PBXSourcesBuildPhase section */

/* Begin PBXVariantGroup section */
		BA44773328587ED30045DDB8 /* Main.storyboard */ = {
			isa = PBXVariantGroup;
			children = (
				BA44773428587ED30045DDB8 /* Base */,
			);
			name = Main.storyboard;
			sourceTree = "<group>";
		};
		BA44773828587ED60045DDB8 /* LaunchScreen.storyboard */ = {
			isa = PBXVariantGroup;
			children = (
				BA44773928587ED60045DDB8 /* Base */,
			);
			name = LaunchScreen.storyboard;
			sourceTree = "<group>";
		};
/* End PBXVariantGroup section */

/* Begin XCBuildConfiguration section */
		BA44773C28587ED60045DDB8 /* Debug */ = {
			isa = XCBuildConfiguration;
			buildSettings = {
				ALWAYS_SEARCH_USER_PATHS = NO;
				CLANG_ANALYZER_NONNULL = YES;
				CLANG_ANALYZER_NUMBER_OBJECT_CONVERSION = YES_AGGRESSIVE;
				CLANG_CXX_LANGUAGE_STANDARD = "gnu++17";
				CLANG_CXX_LIBRARY = "libc++";
				CLANG_ENABLE_MODULES = YES;
				CLANG_ENABLE_OBJC_ARC = YES;
				CLANG_ENABLE_OBJC_WEAK = YES;
				CLANG_WARN_BLOCK_CAPTURE_AUTORELEASING = YES;
				CLANG_WARN_BOOL_CONVERSION = YES;
				CLANG_WARN_COMMA = YES;
				CLANG_WARN_CONSTANT_CONVERSION = YES;
				CLANG_WARN_DEPRECATED_OBJC_IMPLEMENTATIONS = YES;
				CLANG_WARN_DIRECT_OBJC_ISA_USAGE = YES_ERROR;
				CLANG_WARN_DOCUMENTATION_COMMENTS = YES;
				CLANG_WARN_EMPTY_BODY = YES;
				CLANG_WARN_ENUM_CONVERSION = YES;
				CLANG_WARN_INFINITE_RECURSION = YES;
				CLANG_WARN_INT_CONVERSION = YES;
				CLANG_WARN_NON_LITERAL_NULL_CONVERSION = YES;
				CLANG_WARN_OBJC_IMPLICIT_RETAIN_SELF = YES;
				CLANG_WARN_OBJC_LITERAL_CONVERSION = YES;
				CLANG_WARN_OBJC_ROOT_CLASS = YES_ERROR;
				CLANG_WARN_QUOTED_INCLUDE_IN_FRAMEWORK_HEADER = YES;
				CLANG_WARN_RANGE_LOOP_ANALYSIS = YES;
				CLANG_WARN_STRICT_PROTOTYPES = YES;
				CLANG_WARN_SUSPICIOUS_MOVE = YES;
				CLANG_WARN_UNGUARDED_AVAILABILITY = YES_AGGRESSIVE;
				CLANG_WARN_UNREACHABLE_CODE = YES;
				CLANG_WARN__DUPLICATE_METHOD_MATCH = YES;
				COPY_PHASE_STRIP = NO;
				DEBUG_INFORMATION_FORMAT = dwarf;
				ENABLE_STRICT_OBJC_MSGSEND = YES;
				ENABLE_TESTABILITY = YES;
				GCC_C_LANGUAGE_STANDARD = gnu11;
				GCC_DYNAMIC_NO_PIC = NO;
				GCC_NO_COMMON_BLOCKS = YES;
				GCC_OPTIMIZATION_LEVEL = 0;
				GCC_PREPROCESSOR_DEFINITIONS = (
					"DEBUG=1",
					"$(inherited)",
				);
				GCC_WARN_64_TO_32_BIT_CONVERSION = YES;
				GCC_WARN_ABOUT_RETURN_TYPE = YES_ERROR;
				GCC_WARN_UNDECLARED_SELECTOR = YES;
				GCC_WARN_UNINITIALIZED_AUTOS = YES_AGGRESSIVE;
				GCC_WARN_UNUSED_FUNCTION = YES;
				GCC_WARN_UNUSED_VARIABLE = YES;
				IPHONEOS_DEPLOYMENT_TARGET = 15.0;
				MTL_ENABLE_DEBUG_INFO = INCLUDE_SOURCE;
				MTL_FAST_MATH = YES;
				ONLY_ACTIVE_ARCH = YES;
				SDKROOT = iphoneos;
				SWIFT_ACTIVE_COMPILATION_CONDITIONS = DEBUG;
				SWIFT_OPTIMIZATION_LEVEL = "-Onone";
			};
			name = Debug;
		};
		BA44773D28587ED60045DDB8 /* Release */ = {
			isa = XCBuildConfiguration;
			buildSettings = {
				ALWAYS_SEARCH_USER_PATHS = NO;
				CLANG_ANALYZER_NONNULL = YES;
				CLANG_ANALYZER_NUMBER_OBJECT_CONVERSION = YES_AGGRESSIVE;
				CLANG_CXX_LANGUAGE_STANDARD = "gnu++17";
				CLANG_CXX_LIBRARY = "libc++";
				CLANG_ENABLE_MODULES = YES;
				CLANG_ENABLE_OBJC_ARC = YES;
				CLANG_ENABLE_OBJC_WEAK = YES;
				CLANG_WARN_BLOCK_CAPTURE_AUTORELEASING = YES;
				CLANG_WARN_BOOL_CONVERSION = YES;
				CLANG_WARN_COMMA = YES;
				CLANG_WARN_CONSTANT_CONVERSION = YES;
				CLANG_WARN_DEPRECATED_OBJC_IMPLEMENTATIONS = YES;
				CLANG_WARN_DIRECT_OBJC_ISA_USAGE = YES_ERROR;
				CLANG_WARN_DOCUMENTATION_COMMENTS = YES;
				CLANG_WARN_EMPTY_BODY = YES;
				CLANG_WARN_ENUM_CONVERSION = YES;
				CLANG_WARN_INFINITE_RECURSION = YES;
				CLANG_WARN_INT_CONVERSION = YES;
				CLANG_WARN_NON_LITERAL_NULL_CONVERSION = YES;
				CLANG_WARN_OBJC_IMPLICIT_RETAIN_SELF = YES;
				CLANG_WARN_OBJC_LITERAL_CONVERSION = YES;
				CLANG_WARN_OBJC_ROOT_CLASS = YES_ERROR;
				CLANG_WARN_QUOTED_INCLUDE_IN_FRAMEWORK_HEADER = YES;
				CLANG_WARN_RANGE_LOOP_ANALYSIS = YES;
				CLANG_WARN_STRICT_PROTOTYPES = YES;
				CLANG_WARN_SUSPICIOUS_MOVE = YES;
				CLANG_WARN_UNGUARDED_AVAILABILITY = YES_AGGRESSIVE;
				CLANG_WARN_UNREACHABLE_CODE = YES;
				CLANG_WARN__DUPLICATE_METHOD_MATCH = YES;
				COPY_PHASE_STRIP = NO;
				DEBUG_INFORMATION_FORMAT = "dwarf-with-dsym";
				ENABLE_NS_ASSERTIONS = NO;
				ENABLE_STRICT_OBJC_MSGSEND = YES;
				GCC_C_LANGUAGE_STANDARD = gnu11;
				GCC_NO_COMMON_BLOCKS = YES;
				GCC_WARN_64_TO_32_BIT_CONVERSION = YES;
				GCC_WARN_ABOUT_RETURN_TYPE = YES_ERROR;
				GCC_WARN_UNDECLARED_SELECTOR = YES;
				GCC_WARN_UNINITIALIZED_AUTOS = YES_AGGRESSIVE;
				GCC_WARN_UNUSED_FUNCTION = YES;
				GCC_WARN_UNUSED_VARIABLE = YES;
				IPHONEOS_DEPLOYMENT_TARGET = 15.0;
				MTL_ENABLE_DEBUG_INFO = NO;
				MTL_FAST_MATH = YES;
				SDKROOT = iphoneos;
				SWIFT_COMPILATION_MODE = wholemodule;
				SWIFT_OPTIMIZATION_LEVEL = "-O";
				VALIDATE_PRODUCT = YES;
			};
			name = Release;
		};
		BA44773F28587ED60045DDB8 /* Debug */ = {
			isa = XCBuildConfiguration;
			baseConfigurationReference = 4E0E47A2693EFAE274521BB1 /* Pods-CatCafe.debug.xcconfig */;
			buildSettings = {
				ASSETCATALOG_COMPILER_APPICON_NAME = AppIcon;
				ASSETCATALOG_COMPILER_GLOBAL_ACCENT_COLOR_NAME = AccentColor;
				CODE_SIGN_STYLE = Automatic;
				CURRENT_PROJECT_VERSION = 1;
				DEVELOPMENT_TEAM = CNCBQDYY2M;
				GENERATE_INFOPLIST_FILE = YES;
				INFOPLIST_FILE = CatCafe/Info.plist;
				INFOPLIST_KEY_UIApplicationSupportsIndirectInputEvents = YES;
				INFOPLIST_KEY_UILaunchStoryboardName = LaunchScreen;
				INFOPLIST_KEY_UIMainStoryboardFile = Main;
				INFOPLIST_KEY_UISupportedInterfaceOrientations_iPad = "UIInterfaceOrientationPortrait UIInterfaceOrientationPortraitUpsideDown UIInterfaceOrientationLandscapeLeft UIInterfaceOrientationLandscapeRight";
				INFOPLIST_KEY_UISupportedInterfaceOrientations_iPhone = "UIInterfaceOrientationPortrait UIInterfaceOrientationLandscapeLeft UIInterfaceOrientationLandscapeRight";
				LD_RUNPATH_SEARCH_PATHS = (
					"$(inherited)",
					"@executable_path/Frameworks",
				);
				MARKETING_VERSION = 1.0;
				PRODUCT_BUNDLE_IDENTIFIER = com.ethanchen.CatCafe;
				PRODUCT_NAME = "$(TARGET_NAME)";
				SWIFT_EMIT_LOC_STRINGS = YES;
				SWIFT_VERSION = 5.0;
				TARGETED_DEVICE_FAMILY = "1,2";
			};
			name = Debug;
		};
		BA44774028587ED60045DDB8 /* Release */ = {
			isa = XCBuildConfiguration;
			baseConfigurationReference = 8852A86100C2CA5E83D874BE /* Pods-CatCafe.release.xcconfig */;
			buildSettings = {
				ASSETCATALOG_COMPILER_APPICON_NAME = AppIcon;
				ASSETCATALOG_COMPILER_GLOBAL_ACCENT_COLOR_NAME = AccentColor;
				CODE_SIGN_STYLE = Automatic;
				CURRENT_PROJECT_VERSION = 1;
				DEVELOPMENT_TEAM = CNCBQDYY2M;
				GENERATE_INFOPLIST_FILE = YES;
				INFOPLIST_FILE = CatCafe/Info.plist;
				INFOPLIST_KEY_UIApplicationSupportsIndirectInputEvents = YES;
				INFOPLIST_KEY_UILaunchStoryboardName = LaunchScreen;
				INFOPLIST_KEY_UIMainStoryboardFile = Main;
				INFOPLIST_KEY_UISupportedInterfaceOrientations_iPad = "UIInterfaceOrientationPortrait UIInterfaceOrientationPortraitUpsideDown UIInterfaceOrientationLandscapeLeft UIInterfaceOrientationLandscapeRight";
				INFOPLIST_KEY_UISupportedInterfaceOrientations_iPhone = "UIInterfaceOrientationPortrait UIInterfaceOrientationLandscapeLeft UIInterfaceOrientationLandscapeRight";
				LD_RUNPATH_SEARCH_PATHS = (
					"$(inherited)",
					"@executable_path/Frameworks",
				);
				MARKETING_VERSION = 1.0;
				PRODUCT_BUNDLE_IDENTIFIER = com.ethanchen.CatCafe;
				PRODUCT_NAME = "$(TARGET_NAME)";
				SWIFT_EMIT_LOC_STRINGS = YES;
				SWIFT_VERSION = 5.0;
				TARGETED_DEVICE_FAMILY = "1,2";
			};
			name = Release;
		};
/* End XCBuildConfiguration section */

/* Begin XCConfigurationList section */
		BA44772528587ED30045DDB8 /* Build configuration list for PBXProject "CatCafe" */ = {
			isa = XCConfigurationList;
			buildConfigurations = (
				BA44773C28587ED60045DDB8 /* Debug */,
				BA44773D28587ED60045DDB8 /* Release */,
			);
			defaultConfigurationIsVisible = 0;
			defaultConfigurationName = Release;
		};
		BA44773E28587ED60045DDB8 /* Build configuration list for PBXNativeTarget "CatCafe" */ = {
			isa = XCConfigurationList;
			buildConfigurations = (
				BA44773F28587ED60045DDB8 /* Debug */,
				BA44774028587ED60045DDB8 /* Release */,
			);
			defaultConfigurationIsVisible = 0;
			defaultConfigurationName = Release;
		};
/* End XCConfigurationList section */
	};
	rootObject = BA44772228587ED30045DDB8 /* Project object */;
}
