// !$*UTF8*$!
{
	archiveVersion = 1;
	classes = {
	};
	objectVersion = 55;
	objects = {

/* Begin PBXBuildFile section */
		BA44772E28587ED30045DDB8 /* AppDelegate.swift in Sources */ = {isa = PBXBuildFile; fileRef = BA44772D28587ED30045DDB8 /* AppDelegate.swift */; };
		BA44773028587ED30045DDB8 /* SceneDelegate.swift in Sources */ = {isa = PBXBuildFile; fileRef = BA44772F28587ED30045DDB8 /* SceneDelegate.swift */; };
		BA44773228587ED30045DDB8 /* SelectCafeController.swift in Sources */ = {isa = PBXBuildFile; fileRef = BA44773128587ED30045DDB8 /* SelectCafeController.swift */; };
		BA44773528587ED30045DDB8 /* Main.storyboard in Resources */ = {isa = PBXBuildFile; fileRef = BA44773328587ED30045DDB8 /* Main.storyboard */; };
		BA44773728587ED60045DDB8 /* Assets.xcassets in Resources */ = {isa = PBXBuildFile; fileRef = BA44773628587ED60045DDB8 /* Assets.xcassets */; };
		BA44773A28587ED60045DDB8 /* LaunchScreen.storyboard in Resources */ = {isa = PBXBuildFile; fileRef = BA44773828587ED60045DDB8 /* LaunchScreen.storyboard */; };
		BA44774728588D150045DDB8 /* MainTabController.swift in Sources */ = {isa = PBXBuildFile; fileRef = BA44774628588D150045DDB8 /* MainTabController.swift */; };
		BA44774928588E720045DDB8 /* HomeController.swift in Sources */ = {isa = PBXBuildFile; fileRef = BA44774828588E720045DDB8 /* HomeController.swift */; };
		BA44774B28588ECA0045DDB8 /* ExploreController.swift in Sources */ = {isa = PBXBuildFile; fileRef = BA44774A28588ECA0045DDB8 /* ExploreController.swift */; };
		BA44774D28588F4B0045DDB8 /* MeetController.swift in Sources */ = {isa = PBXBuildFile; fileRef = BA44774C28588F4B0045DDB8 /* MeetController.swift */; };
		BA44774F28588FE40045DDB8 /* CollectionController.swift in Sources */ = {isa = PBXBuildFile; fileRef = BA44774E28588FE40045DDB8 /* CollectionController.swift */; };
		BA44775128588FFD0045DDB8 /* ProfileController.swift in Sources */ = {isa = PBXBuildFile; fileRef = BA44775028588FFD0045DDB8 /* ProfileController.swift */; };
		BA4477542858A7A70045DDB8 /* GoogleService-Info.plist in Resources */ = {isa = PBXBuildFile; fileRef = BA4477532858A7A70045DDB8 /* GoogleService-Info.plist */; };
		BA44778C285961A50045DDB8 /* FeedCell.swift in Sources */ = {isa = PBXBuildFile; fileRef = BA44778B285961A50045DDB8 /* FeedCell.swift */; };
		BA44778F28597DBA0045DDB8 /* ProfileCell.swift in Sources */ = {isa = PBXBuildFile; fileRef = BA44778E28597DBA0045DDB8 /* ProfileCell.swift */; };
		BA44779128597ED00045DDB8 /* ProfileHeader.swift in Sources */ = {isa = PBXBuildFile; fileRef = BA44779028597ED00045DDB8 /* ProfileHeader.swift */; };
		BA4477942859CE2F0045DDB8 /* UserCell.swift in Sources */ = {isa = PBXBuildFile; fileRef = BA4477932859CE2F0045DDB8 /* UserCell.swift */; };
		BA4477972859D0280045DDB8 /* UserService.swift in Sources */ = {isa = PBXBuildFile; fileRef = BA4477962859D0280045DDB8 /* UserService.swift */; };
		BA4477992859D0FD0045DDB8 /* User.swift in Sources */ = {isa = PBXBuildFile; fileRef = BA4477982859D0FD0045DDB8 /* User.swift */; };
		BA44779B2859D3950045DDB8 /* UserCellViewModel.swift in Sources */ = {isa = PBXBuildFile; fileRef = BA44779A2859D3950045DDB8 /* UserCellViewModel.swift */; };
		BA44779F2859DE6C0045DDB8 /* RegistrationController.swift in Sources */ = {isa = PBXBuildFile; fileRef = BA44779E2859DE6C0045DDB8 /* RegistrationController.swift */; };
		BA4477A22859DEEF0045DDB8 /* CustomTextField.swift in Sources */ = {isa = PBXBuildFile; fileRef = BA4477A12859DEEF0045DDB8 /* CustomTextField.swift */; };
		BA4477A42859DF1C0045DDB8 /* RegistrationViewModel.swift in Sources */ = {isa = PBXBuildFile; fileRef = BA4477A32859DF1C0045DDB8 /* RegistrationViewModel.swift */; };
		BA4477A82859E0AD0045DDB8 /* AuthService.swift in Sources */ = {isa = PBXBuildFile; fileRef = BA4477A72859E0AD0045DDB8 /* AuthService.swift */; };
		BA4477AA2859E0DB0045DDB8 /* AuthCredentials.swift in Sources */ = {isa = PBXBuildFile; fileRef = BA4477A92859E0DB0045DDB8 /* AuthCredentials.swift */; };
		BA7BB6E72859E31500465DEC /* ImageUplader.swift in Sources */ = {isa = PBXBuildFile; fileRef = BA7BB6E62859E31500465DEC /* ImageUplader.swift */; };
		BA7BB6E92859E74C00465DEC /* LoginController.swift in Sources */ = {isa = PBXBuildFile; fileRef = BA7BB6E82859E74C00465DEC /* LoginController.swift */; };
		BA7BB6F42859FAE500465DEC /* ProfileHeaderViewModel.swift in Sources */ = {isa = PBXBuildFile; fileRef = BA7BB6F32859FAE500465DEC /* ProfileHeaderViewModel.swift */; };
		BA7BB70D285A083D00465DEC /* CCConstant.swift in Sources */ = {isa = PBXBuildFile; fileRef = BA7BB6F8285A083D00465DEC /* CCConstant.swift */; };
		BA7BB70E285A083D00465DEC /* UIFont+Extension.swift in Sources */ = {isa = PBXBuildFile; fileRef = BA7BB6FA285A083D00465DEC /* UIFont+Extension.swift */; };
		BA7BB70F285A083D00465DEC /* UIColor+Extension.swift in Sources */ = {isa = PBXBuildFile; fileRef = BA7BB6FB285A083D00465DEC /* UIColor+Extension.swift */; };
		BA7BB710285A083D00465DEC /* UILabel+Extension.swift in Sources */ = {isa = PBXBuildFile; fileRef = BA7BB6FC285A083D00465DEC /* UILabel+Extension.swift */; };
		BA7BB711285A083D00465DEC /* UIButton+Extension.swift in Sources */ = {isa = PBXBuildFile; fileRef = BA7BB6FD285A083D00465DEC /* UIButton+Extension.swift */; };
		BA7BB712285A083D00465DEC /* UIView+Extension.swift in Sources */ = {isa = PBXBuildFile; fileRef = BA7BB6FE285A083D00465DEC /* UIView+Extension.swift */; };
		BA7BB713285A083D00465DEC /* UIImage+Extension.swift in Sources */ = {isa = PBXBuildFile; fileRef = BA7BB6FF285A083D00465DEC /* UIImage+Extension.swift */; };
		BA7BB714285A083D00465DEC /* UIViewController+Extension.swift in Sources */ = {isa = PBXBuildFile; fileRef = BA7BB700285A083D00465DEC /* UIViewController+Extension.swift */; };
		BA7BB715285A083D00465DEC /* String+Extension.swift in Sources */ = {isa = PBXBuildFile; fileRef = BA7BB701285A083D00465DEC /* String+Extension.swift */; };
		BA7BB716285A083D00465DEC /* UIScreen+Extension.swift in Sources */ = {isa = PBXBuildFile; fileRef = BA7BB702285A083D00465DEC /* UIScreen+Extension.swift */; };
		BA7BB717285A083D00465DEC /* identifiers.swift in Sources */ = {isa = PBXBuildFile; fileRef = BA7BB703285A083D00465DEC /* identifiers.swift */; };
		BA7BB718285A083D00465DEC /* NSLocalizedString+Extension.swift in Sources */ = {isa = PBXBuildFile; fileRef = BA7BB704285A083D00465DEC /* NSLocalizedString+Extension.swift */; };
		BA7BB719285A083D00465DEC /* NotoSansCJKtc-Medium.otf in Resources */ = {isa = PBXBuildFile; fileRef = BA7BB706285A083D00465DEC /* NotoSansCJKtc-Medium.otf */; };
		BA7BB71A285A083D00465DEC /* NotoSansCJKtc-Regular.otf in Resources */ = {isa = PBXBuildFile; fileRef = BA7BB707285A083D00465DEC /* NotoSansCJKtc-Regular.otf */; };
		BA7BB71B285A083D00465DEC /* JGProgressHUDWrapper.swift in Sources */ = {isa = PBXBuildFile; fileRef = BA7BB709285A083D00465DEC /* JGProgressHUDWrapper.swift */; };
		BA7BB71C285A083D00465DEC /* MJRefreshWrapper.swift in Sources */ = {isa = PBXBuildFile; fileRef = BA7BB70A285A083D00465DEC /* MJRefreshWrapper.swift */; };
		BA7BB71D285A083D00465DEC /* KingFisherWrapper.swift in Sources */ = {isa = PBXBuildFile; fileRef = BA7BB70B285A083D00465DEC /* KingFisherWrapper.swift */; };
		BA7BB71E285A083D00465DEC /* Factory.swift in Sources */ = {isa = PBXBuildFile; fileRef = BA7BB70C285A083D00465DEC /* Factory.swift */; };
		BA7BB723285AD90400465DEC /* DropDownCell.swift in Sources */ = {isa = PBXBuildFile; fileRef = BA7BB722285AD90400465DEC /* DropDownCell.swift */; };
		BA7BB725285AE4D000465DEC /* PostSelectController.swift in Sources */ = {isa = PBXBuildFile; fileRef = BA7BB724285AE4D000465DEC /* PostSelectController.swift */; };
		BA7BB729285AE9F700465DEC /* UIViewControllerAnimatedTransitioning.swift in Sources */ = {isa = PBXBuildFile; fileRef = BA7BB728285AE9F700465DEC /* UIViewControllerAnimatedTransitioning.swift */; };
		BA7BB72F285AEAEA00465DEC /* TopTableViewCell.swift in Sources */ = {isa = PBXBuildFile; fileRef = BA7BB72E285AEAEA00465DEC /* TopTableViewCell.swift */; };
		BA7BB731285B0E6E00465DEC /* ControlSectionHeader.swift in Sources */ = {isa = PBXBuildFile; fileRef = BA7BB730285B0E6E00465DEC /* ControlSectionHeader.swift */; };
		BA7BB733285B181700465DEC /* PhotoWallTableViewCell.swift in Sources */ = {isa = PBXBuildFile; fileRef = BA7BB732285B181700465DEC /* PhotoWallTableViewCell.swift */; };
		BADF1F60285B3607004CF329 /* PostEditController.swift in Sources */ = {isa = PBXBuildFile; fileRef = BADF1F5F285B3607004CF329 /* PostEditController.swift */; };
		BADF1F62285C4E2E004CF329 /* CafeService.swift in Sources */ = {isa = PBXBuildFile; fileRef = BADF1F61285C4E2E004CF329 /* CafeService.swift */; };
		BADF1F65285C4F78004CF329 /* Cafe.swift in Sources */ = {isa = PBXBuildFile; fileRef = BADF1F64285C4F78004CF329 /* Cafe.swift */; };
		BADF1F68285C528C004CF329 /* PlaceCell.swift in Sources */ = {isa = PBXBuildFile; fileRef = BADF1F67285C528C004CF329 /* PlaceCell.swift */; };
		BADF1F6A285C5353004CF329 /* PlaceCellViewModel.swift in Sources */ = {isa = PBXBuildFile; fileRef = BADF1F69285C5353004CF329 /* PlaceCellViewModel.swift */; };
		BADF1F6D285C84DA004CF329 /* PostService.swift in Sources */ = {isa = PBXBuildFile; fileRef = BADF1F6C285C84DA004CF329 /* PostService.swift */; };
		BADF1F6F285CB504004CF329 /* Post.swift in Sources */ = {isa = PBXBuildFile; fileRef = BADF1F6E285CB504004CF329 /* Post.swift */; };
		BADF1F71285CBB99004CF329 /* PostViewModel.swift in Sources */ = {isa = PBXBuildFile; fileRef = BADF1F70285CBB99004CF329 /* PostViewModel.swift */; };
		BADF1F73285D6D64004CF329 /* CommentController.swift in Sources */ = {isa = PBXBuildFile; fileRef = BADF1F72285D6D64004CF329 /* CommentController.swift */; };
		BADF1F77285D7D1A004CF329 /* CommentCell.swift in Sources */ = {isa = PBXBuildFile; fileRef = BADF1F76285D7D1A004CF329 /* CommentCell.swift */; };
		BADF1F79285D8CDC004CF329 /* CommentInputAccessoryView.swift in Sources */ = {isa = PBXBuildFile; fileRef = BADF1F78285D8CDC004CF329 /* CommentInputAccessoryView.swift */; };
		BADF1F7C285DB5A0004CF329 /* CommentService.swift in Sources */ = {isa = PBXBuildFile; fileRef = BADF1F7B285DB5A0004CF329 /* CommentService.swift */; };
		BADF1F7E285DC535004CF329 /* Comment.swift in Sources */ = {isa = PBXBuildFile; fileRef = BADF1F7D285DC535004CF329 /* Comment.swift */; };
		BADF1F80285DCAA1004CF329 /* CommentViewModel.swift in Sources */ = {isa = PBXBuildFile; fileRef = BADF1F7F285DCAA1004CF329 /* CommentViewModel.swift */; };
		F3CA363722C8C7AF9DC7484D /* Pods_CatCafe.framework in Frameworks */ = {isa = PBXBuildFile; fileRef = 91DB69D591917799CE505D79 /* Pods_CatCafe.framework */; };
/* End PBXBuildFile section */

/* Begin PBXFileReference section */
		4E0E47A2693EFAE274521BB1 /* Pods-CatCafe.debug.xcconfig */ = {isa = PBXFileReference; includeInIndex = 1; lastKnownFileType = text.xcconfig; name = "Pods-CatCafe.debug.xcconfig"; path = "Target Support Files/Pods-CatCafe/Pods-CatCafe.debug.xcconfig"; sourceTree = "<group>"; };
		8852A86100C2CA5E83D874BE /* Pods-CatCafe.release.xcconfig */ = {isa = PBXFileReference; includeInIndex = 1; lastKnownFileType = text.xcconfig; name = "Pods-CatCafe.release.xcconfig"; path = "Target Support Files/Pods-CatCafe/Pods-CatCafe.release.xcconfig"; sourceTree = "<group>"; };
		91DB69D591917799CE505D79 /* Pods_CatCafe.framework */ = {isa = PBXFileReference; explicitFileType = wrapper.framework; includeInIndex = 0; path = Pods_CatCafe.framework; sourceTree = BUILT_PRODUCTS_DIR; };
		BA44772A28587ED30045DDB8 /* CatCafe.app */ = {isa = PBXFileReference; explicitFileType = wrapper.application; includeInIndex = 0; path = CatCafe.app; sourceTree = BUILT_PRODUCTS_DIR; };
		BA44772D28587ED30045DDB8 /* AppDelegate.swift */ = {isa = PBXFileReference; lastKnownFileType = sourcecode.swift; path = AppDelegate.swift; sourceTree = "<group>"; };
		BA44772F28587ED30045DDB8 /* SceneDelegate.swift */ = {isa = PBXFileReference; lastKnownFileType = sourcecode.swift; path = SceneDelegate.swift; sourceTree = "<group>"; };
		BA44773128587ED30045DDB8 /* SelectCafeController.swift */ = {isa = PBXFileReference; lastKnownFileType = sourcecode.swift; path = SelectCafeController.swift; sourceTree = "<group>"; };
		BA44773428587ED30045DDB8 /* Base */ = {isa = PBXFileReference; lastKnownFileType = file.storyboard; name = Base; path = Base.lproj/Main.storyboard; sourceTree = "<group>"; };
		BA44773628587ED60045DDB8 /* Assets.xcassets */ = {isa = PBXFileReference; lastKnownFileType = folder.assetcatalog; path = Assets.xcassets; sourceTree = "<group>"; };
		BA44773928587ED60045DDB8 /* Base */ = {isa = PBXFileReference; lastKnownFileType = file.storyboard; name = Base; path = Base.lproj/LaunchScreen.storyboard; sourceTree = "<group>"; };
		BA44773B28587ED60045DDB8 /* Info.plist */ = {isa = PBXFileReference; lastKnownFileType = text.plist.xml; path = Info.plist; sourceTree = "<group>"; };
		BA44774628588D150045DDB8 /* MainTabController.swift */ = {isa = PBXFileReference; lastKnownFileType = sourcecode.swift; path = MainTabController.swift; sourceTree = "<group>"; };
		BA44774828588E720045DDB8 /* HomeController.swift */ = {isa = PBXFileReference; lastKnownFileType = sourcecode.swift; path = HomeController.swift; sourceTree = "<group>"; };
		BA44774A28588ECA0045DDB8 /* ExploreController.swift */ = {isa = PBXFileReference; lastKnownFileType = sourcecode.swift; path = ExploreController.swift; sourceTree = "<group>"; };
		BA44774C28588F4B0045DDB8 /* MeetController.swift */ = {isa = PBXFileReference; lastKnownFileType = sourcecode.swift; path = MeetController.swift; sourceTree = "<group>"; };
		BA44774E28588FE40045DDB8 /* CollectionController.swift */ = {isa = PBXFileReference; lastKnownFileType = sourcecode.swift; path = CollectionController.swift; sourceTree = "<group>"; };
		BA44775028588FFD0045DDB8 /* ProfileController.swift */ = {isa = PBXFileReference; lastKnownFileType = sourcecode.swift; path = ProfileController.swift; sourceTree = "<group>"; };
		BA4477532858A7A70045DDB8 /* GoogleService-Info.plist */ = {isa = PBXFileReference; fileEncoding = 4; lastKnownFileType = text.plist.xml; path = "GoogleService-Info.plist"; sourceTree = "<group>"; };
		BA44778B285961A50045DDB8 /* FeedCell.swift */ = {isa = PBXFileReference; lastKnownFileType = sourcecode.swift; path = FeedCell.swift; sourceTree = "<group>"; };
		BA44778E28597DBA0045DDB8 /* ProfileCell.swift */ = {isa = PBXFileReference; lastKnownFileType = sourcecode.swift; path = ProfileCell.swift; sourceTree = "<group>"; };
		BA44779028597ED00045DDB8 /* ProfileHeader.swift */ = {isa = PBXFileReference; lastKnownFileType = sourcecode.swift; path = ProfileHeader.swift; sourceTree = "<group>"; };
		BA4477932859CE2F0045DDB8 /* UserCell.swift */ = {isa = PBXFileReference; lastKnownFileType = sourcecode.swift; path = UserCell.swift; sourceTree = "<group>"; };
		BA4477962859D0280045DDB8 /* UserService.swift */ = {isa = PBXFileReference; lastKnownFileType = sourcecode.swift; path = UserService.swift; sourceTree = "<group>"; };
		BA4477982859D0FD0045DDB8 /* User.swift */ = {isa = PBXFileReference; lastKnownFileType = sourcecode.swift; path = User.swift; sourceTree = "<group>"; };
		BA44779A2859D3950045DDB8 /* UserCellViewModel.swift */ = {isa = PBXFileReference; lastKnownFileType = sourcecode.swift; path = UserCellViewModel.swift; sourceTree = "<group>"; };
		BA44779E2859DE6C0045DDB8 /* RegistrationController.swift */ = {isa = PBXFileReference; lastKnownFileType = sourcecode.swift; path = RegistrationController.swift; sourceTree = "<group>"; };
		BA4477A12859DEEF0045DDB8 /* CustomTextField.swift */ = {isa = PBXFileReference; lastKnownFileType = sourcecode.swift; path = CustomTextField.swift; sourceTree = "<group>"; };
		BA4477A32859DF1C0045DDB8 /* RegistrationViewModel.swift */ = {isa = PBXFileReference; lastKnownFileType = sourcecode.swift; path = RegistrationViewModel.swift; sourceTree = "<group>"; };
		BA4477A72859E0AD0045DDB8 /* AuthService.swift */ = {isa = PBXFileReference; lastKnownFileType = sourcecode.swift; path = AuthService.swift; sourceTree = "<group>"; };
		BA4477A92859E0DB0045DDB8 /* AuthCredentials.swift */ = {isa = PBXFileReference; lastKnownFileType = sourcecode.swift; path = AuthCredentials.swift; sourceTree = "<group>"; };
		BA7BB6E62859E31500465DEC /* ImageUplader.swift */ = {isa = PBXFileReference; lastKnownFileType = sourcecode.swift; path = ImageUplader.swift; sourceTree = "<group>"; };
		BA7BB6E82859E74C00465DEC /* LoginController.swift */ = {isa = PBXFileReference; lastKnownFileType = sourcecode.swift; path = LoginController.swift; sourceTree = "<group>"; };
		BA7BB6F32859FAE500465DEC /* ProfileHeaderViewModel.swift */ = {isa = PBXFileReference; lastKnownFileType = sourcecode.swift; path = ProfileHeaderViewModel.swift; sourceTree = "<group>"; };
		BA7BB6F8285A083D00465DEC /* CCConstant.swift */ = {isa = PBXFileReference; fileEncoding = 4; lastKnownFileType = sourcecode.swift; path = CCConstant.swift; sourceTree = "<group>"; };
		BA7BB6FA285A083D00465DEC /* UIFont+Extension.swift */ = {isa = PBXFileReference; fileEncoding = 4; lastKnownFileType = sourcecode.swift; path = "UIFont+Extension.swift"; sourceTree = "<group>"; };
		BA7BB6FB285A083D00465DEC /* UIColor+Extension.swift */ = {isa = PBXFileReference; fileEncoding = 4; lastKnownFileType = sourcecode.swift; path = "UIColor+Extension.swift"; sourceTree = "<group>"; };
		BA7BB6FC285A083D00465DEC /* UILabel+Extension.swift */ = {isa = PBXFileReference; fileEncoding = 4; lastKnownFileType = sourcecode.swift; path = "UILabel+Extension.swift"; sourceTree = "<group>"; };
		BA7BB6FD285A083D00465DEC /* UIButton+Extension.swift */ = {isa = PBXFileReference; fileEncoding = 4; lastKnownFileType = sourcecode.swift; path = "UIButton+Extension.swift"; sourceTree = "<group>"; };
		BA7BB6FE285A083D00465DEC /* UIView+Extension.swift */ = {isa = PBXFileReference; fileEncoding = 4; lastKnownFileType = sourcecode.swift; path = "UIView+Extension.swift"; sourceTree = "<group>"; };
		BA7BB6FF285A083D00465DEC /* UIImage+Extension.swift */ = {isa = PBXFileReference; fileEncoding = 4; lastKnownFileType = sourcecode.swift; path = "UIImage+Extension.swift"; sourceTree = "<group>"; };
		BA7BB700285A083D00465DEC /* UIViewController+Extension.swift */ = {isa = PBXFileReference; fileEncoding = 4; lastKnownFileType = sourcecode.swift; path = "UIViewController+Extension.swift"; sourceTree = "<group>"; };
		BA7BB701285A083D00465DEC /* String+Extension.swift */ = {isa = PBXFileReference; fileEncoding = 4; lastKnownFileType = sourcecode.swift; path = "String+Extension.swift"; sourceTree = "<group>"; };
		BA7BB702285A083D00465DEC /* UIScreen+Extension.swift */ = {isa = PBXFileReference; fileEncoding = 4; lastKnownFileType = sourcecode.swift; path = "UIScreen+Extension.swift"; sourceTree = "<group>"; };
		BA7BB703285A083D00465DEC /* identifiers.swift */ = {isa = PBXFileReference; fileEncoding = 4; lastKnownFileType = sourcecode.swift; path = identifiers.swift; sourceTree = "<group>"; };
		BA7BB704285A083D00465DEC /* NSLocalizedString+Extension.swift */ = {isa = PBXFileReference; fileEncoding = 4; lastKnownFileType = sourcecode.swift; path = "NSLocalizedString+Extension.swift"; sourceTree = "<group>"; };
		BA7BB706285A083D00465DEC /* NotoSansCJKtc-Medium.otf */ = {isa = PBXFileReference; lastKnownFileType = file; path = "NotoSansCJKtc-Medium.otf"; sourceTree = "<group>"; };
		BA7BB707285A083D00465DEC /* NotoSansCJKtc-Regular.otf */ = {isa = PBXFileReference; lastKnownFileType = file; path = "NotoSansCJKtc-Regular.otf"; sourceTree = "<group>"; };
		BA7BB709285A083D00465DEC /* JGProgressHUDWrapper.swift */ = {isa = PBXFileReference; fileEncoding = 4; lastKnownFileType = sourcecode.swift; path = JGProgressHUDWrapper.swift; sourceTree = "<group>"; };
		BA7BB70A285A083D00465DEC /* MJRefreshWrapper.swift */ = {isa = PBXFileReference; fileEncoding = 4; lastKnownFileType = sourcecode.swift; path = MJRefreshWrapper.swift; sourceTree = "<group>"; };
		BA7BB70B285A083D00465DEC /* KingFisherWrapper.swift */ = {isa = PBXFileReference; fileEncoding = 4; lastKnownFileType = sourcecode.swift; path = KingFisherWrapper.swift; sourceTree = "<group>"; };
		BA7BB70C285A083D00465DEC /* Factory.swift */ = {isa = PBXFileReference; fileEncoding = 4; lastKnownFileType = sourcecode.swift; path = Factory.swift; sourceTree = "<group>"; };
		BA7BB722285AD90400465DEC /* DropDownCell.swift */ = {isa = PBXFileReference; lastKnownFileType = sourcecode.swift; path = DropDownCell.swift; sourceTree = "<group>"; };
		BA7BB724285AE4D000465DEC /* PostSelectController.swift */ = {isa = PBXFileReference; lastKnownFileType = sourcecode.swift; path = PostSelectController.swift; sourceTree = "<group>"; };
		BA7BB728285AE9F700465DEC /* UIViewControllerAnimatedTransitioning.swift */ = {isa = PBXFileReference; lastKnownFileType = sourcecode.swift; path = UIViewControllerAnimatedTransitioning.swift; sourceTree = "<group>"; };
		BA7BB72E285AEAEA00465DEC /* TopTableViewCell.swift */ = {isa = PBXFileReference; lastKnownFileType = sourcecode.swift; path = TopTableViewCell.swift; sourceTree = "<group>"; };
		BA7BB730285B0E6E00465DEC /* ControlSectionHeader.swift */ = {isa = PBXFileReference; lastKnownFileType = sourcecode.swift; path = ControlSectionHeader.swift; sourceTree = "<group>"; };
		BA7BB732285B181700465DEC /* PhotoWallTableViewCell.swift */ = {isa = PBXFileReference; lastKnownFileType = sourcecode.swift; path = PhotoWallTableViewCell.swift; sourceTree = "<group>"; };
		BADF1F5F285B3607004CF329 /* PostEditController.swift */ = {isa = PBXFileReference; lastKnownFileType = sourcecode.swift; path = PostEditController.swift; sourceTree = "<group>"; };
		BADF1F61285C4E2E004CF329 /* CafeService.swift */ = {isa = PBXFileReference; lastKnownFileType = sourcecode.swift; path = CafeService.swift; sourceTree = "<group>"; };
		BADF1F64285C4F78004CF329 /* Cafe.swift */ = {isa = PBXFileReference; lastKnownFileType = sourcecode.swift; path = Cafe.swift; sourceTree = "<group>"; };
		BADF1F67285C528C004CF329 /* PlaceCell.swift */ = {isa = PBXFileReference; lastKnownFileType = sourcecode.swift; path = PlaceCell.swift; sourceTree = "<group>"; };
		BADF1F69285C5353004CF329 /* PlaceCellViewModel.swift */ = {isa = PBXFileReference; lastKnownFileType = sourcecode.swift; path = PlaceCellViewModel.swift; sourceTree = "<group>"; };
		BADF1F6C285C84DA004CF329 /* PostService.swift */ = {isa = PBXFileReference; lastKnownFileType = sourcecode.swift; path = PostService.swift; sourceTree = "<group>"; };
		BADF1F6E285CB504004CF329 /* Post.swift */ = {isa = PBXFileReference; lastKnownFileType = sourcecode.swift; path = Post.swift; sourceTree = "<group>"; };
		BADF1F70285CBB99004CF329 /* PostViewModel.swift */ = {isa = PBXFileReference; lastKnownFileType = sourcecode.swift; path = PostViewModel.swift; sourceTree = "<group>"; };
		BADF1F72285D6D64004CF329 /* CommentController.swift */ = {isa = PBXFileReference; lastKnownFileType = sourcecode.swift; path = CommentController.swift; sourceTree = "<group>"; };
		BADF1F76285D7D1A004CF329 /* CommentCell.swift */ = {isa = PBXFileReference; lastKnownFileType = sourcecode.swift; path = CommentCell.swift; sourceTree = "<group>"; };
		BADF1F78285D8CDC004CF329 /* CommentInputAccessoryView.swift */ = {isa = PBXFileReference; lastKnownFileType = sourcecode.swift; path = CommentInputAccessoryView.swift; sourceTree = "<group>"; };
		BADF1F7B285DB5A0004CF329 /* CommentService.swift */ = {isa = PBXFileReference; lastKnownFileType = sourcecode.swift; path = CommentService.swift; sourceTree = "<group>"; };
		BADF1F7D285DC535004CF329 /* Comment.swift */ = {isa = PBXFileReference; lastKnownFileType = sourcecode.swift; path = Comment.swift; sourceTree = "<group>"; };
		BADF1F7F285DCAA1004CF329 /* CommentViewModel.swift */ = {isa = PBXFileReference; lastKnownFileType = sourcecode.swift; path = CommentViewModel.swift; sourceTree = "<group>"; };
/* End PBXFileReference section */

/* Begin PBXFrameworksBuildPhase section */
		BA44772728587ED30045DDB8 /* Frameworks */ = {
			isa = PBXFrameworksBuildPhase;
			buildActionMask = 2147483647;
			files = (
				F3CA363722C8C7AF9DC7484D /* Pods_CatCafe.framework in Frameworks */,
			);
			runOnlyForDeploymentPostprocessing = 0;
		};
/* End PBXFrameworksBuildPhase section */

/* Begin PBXGroup section */
		35ECCE871A9DD78F4A1B448E /* Pods */ = {
			isa = PBXGroup;
			children = (
				4E0E47A2693EFAE274521BB1 /* Pods-CatCafe.debug.xcconfig */,
				8852A86100C2CA5E83D874BE /* Pods-CatCafe.release.xcconfig */,
			);
			path = Pods;
			sourceTree = "<group>";
		};
		6F1BF586B6062EF56D130786 /* Frameworks */ = {
			isa = PBXGroup;
			children = (
				91DB69D591917799CE505D79 /* Pods_CatCafe.framework */,
			);
			name = Frameworks;
			sourceTree = "<group>";
		};
		BA44772128587ED30045DDB8 = {
			isa = PBXGroup;
			children = (
				BA44772C28587ED30045DDB8 /* CatCafe */,
				BA44772B28587ED30045DDB8 /* Products */,
				35ECCE871A9DD78F4A1B448E /* Pods */,
				6F1BF586B6062EF56D130786 /* Frameworks */,
			);
			sourceTree = "<group>";
		};
		BA44772B28587ED30045DDB8 /* Products */ = {
			isa = PBXGroup;
			children = (
				BA44772A28587ED30045DDB8 /* CatCafe.app */,
			);
			name = Products;
			sourceTree = "<group>";
		};
		BA44772C28587ED30045DDB8 /* CatCafe */ = {
			isa = PBXGroup;
			children = (
				BA44772D28587ED30045DDB8 /* AppDelegate.swift */,
				BA44772F28587ED30045DDB8 /* SceneDelegate.swift */,
				BA44773828587ED60045DDB8 /* LaunchScreen.storyboard */,
				BA7BB6F6285A083D00465DEC /* Utils */,
				BA44774128588C810045DDB8 /* API */,
				BA44774228588C8C0045DDB8 /* View */,
				BA44774328588C910045DDB8 /* ViewModel */,
				BA44774428588C980045DDB8 /* Controller */,
				BA44773328587ED30045DDB8 /* Main.storyboard */,
				BA4477532858A7A70045DDB8 /* GoogleService-Info.plist */,
				BA44773B28587ED60045DDB8 /* Info.plist */,
			);
			path = CatCafe;
			sourceTree = "<group>";
		};
		BA44774128588C810045DDB8 /* API */ = {
			isa = PBXGroup;
			children = (
				BA7BB6E62859E31500465DEC /* ImageUplader.swift */,
				BA4477A62859E0940045DDB8 /* Auth */,
				BA4477A52859E0870045DDB8 /* User */,
				BADF1F63285C4E32004CF329 /* Cafe */,
				BADF1F6B285C84CD004CF329 /* Post */,
				BADF1F7A285DB55F004CF329 /* Comment */,
			);
			path = API;
			sourceTree = "<group>";
		};
		BA44774228588C8C0045DDB8 /* View */ = {
			isa = PBXGroup;
			children = (
				BA4477A02859DED30045DDB8 /* Auth */,
				BA44778A285961940045DDB8 /* Home */,
				BA4477922859CE200045DDB8 /* Explore */,
				BA44778D28597DAF0045DDB8 /* Profile */,
				BA7BB72B285AEA7E00465DEC /* PostSelect */,
				BADF1F66285C5241004CF329 /* SelectCafe */,
				BADF1F75285D7CC0004CF329 /* Comment */,
			);
			path = View;
			sourceTree = "<group>";
		};
		BA44774328588C910045DDB8 /* ViewModel */ = {
			isa = PBXGroup;
			children = (
				BA4477A32859DF1C0045DDB8 /* RegistrationViewModel.swift */,
				BA44779A2859D3950045DDB8 /* UserCellViewModel.swift */,
				BA7BB6F32859FAE500465DEC /* ProfileHeaderViewModel.swift */,
				BADF1F69285C5353004CF329 /* PlaceCellViewModel.swift */,
				BADF1F70285CBB99004CF329 /* PostViewModel.swift */,
				BADF1F7F285DCAA1004CF329 /* CommentViewModel.swift */,
			);
			path = ViewModel;
			sourceTree = "<group>";
		};
		BA44774428588C980045DDB8 /* Controller */ = {
			isa = PBXGroup;
			children = (
				BA44779C2859DE370045DDB8 /* Auth */,
				BA44779D2859DE420045DDB8 /* Base */,
				BA44774528588CA90045DDB8 /* Tabs */,
				BA7BB726285AE68D00465DEC /* Post */,
				BADF1F74285D7C21004CF329 /* Comment */,
			);
			path = Controller;
			sourceTree = "<group>";
		};
		BA44774528588CA90045DDB8 /* Tabs */ = {
			isa = PBXGroup;
			children = (
				BA44774828588E720045DDB8 /* HomeController.swift */,
				BA44774A28588ECA0045DDB8 /* ExploreController.swift */,
				BA44774C28588F4B0045DDB8 /* MeetController.swift */,
				BA44774E28588FE40045DDB8 /* CollectionController.swift */,
				BA44775028588FFD0045DDB8 /* ProfileController.swift */,
			);
			path = Tabs;
			sourceTree = "<group>";
		};
		BA44778A285961940045DDB8 /* Home */ = {
			isa = PBXGroup;
			children = (
				BA44778B285961A50045DDB8 /* FeedCell.swift */,
				BA7BB722285AD90400465DEC /* DropDownCell.swift */,
			);
			path = Home;
			sourceTree = "<group>";
		};
		BA44778D28597DAF0045DDB8 /* Profile */ = {
			isa = PBXGroup;
			children = (
				BA44778E28597DBA0045DDB8 /* ProfileCell.swift */,
				BA44779028597ED00045DDB8 /* ProfileHeader.swift */,
			);
			path = Profile;
			sourceTree = "<group>";
		};
		BA4477922859CE200045DDB8 /* Explore */ = {
			isa = PBXGroup;
			children = (
				BA4477932859CE2F0045DDB8 /* UserCell.swift */,
			);
			path = Explore;
			sourceTree = "<group>";
		};
		BA44779C2859DE370045DDB8 /* Auth */ = {
			isa = PBXGroup;
			children = (
				BA7BB6E82859E74C00465DEC /* LoginController.swift */,
				BA44779E2859DE6C0045DDB8 /* RegistrationController.swift */,
			);
			path = Auth;
			sourceTree = "<group>";
		};
		BA44779D2859DE420045DDB8 /* Base */ = {
			isa = PBXGroup;
			children = (
				BA44774628588D150045DDB8 /* MainTabController.swift */,
			);
			path = Base;
			sourceTree = "<group>";
		};
		BA4477A02859DED30045DDB8 /* Auth */ = {
			isa = PBXGroup;
			children = (
				BA4477A12859DEEF0045DDB8 /* CustomTextField.swift */,
			);
			path = Auth;
			sourceTree = "<group>";
		};
		BA4477A52859E0870045DDB8 /* User */ = {
			isa = PBXGroup;
			children = (
				BA4477982859D0FD0045DDB8 /* User.swift */,
				BA4477962859D0280045DDB8 /* UserService.swift */,
			);
			path = User;
			sourceTree = "<group>";
		};
		BA4477A62859E0940045DDB8 /* Auth */ = {
			isa = PBXGroup;
			children = (
				BA4477A92859E0DB0045DDB8 /* AuthCredentials.swift */,
				BA4477A72859E0AD0045DDB8 /* AuthService.swift */,
			);
			name = Auth;
			sourceTree = "<group>";
		};
		BA7BB6F6285A083D00465DEC /* Utils */ = {
			isa = PBXGroup;
			children = (
				BA44773628587ED60045DDB8 /* Assets.xcassets */,
				BA7BB727285AE9DF00465DEC /* Custom Animation */,
				BA7BB6F7285A083D00465DEC /* Constants */,
				BA7BB6F9285A083D00465DEC /* Extensions */,
				BA7BB705285A083D00465DEC /* Font */,
				BA7BB708285A083D00465DEC /* Third Party Wrapper */,
				BA7BB72A285AEA6E00465DEC /* Factory */,
			);
			path = Utils;
			sourceTree = "<group>";
		};
		BA7BB6F7285A083D00465DEC /* Constants */ = {
			isa = PBXGroup;
			children = (
				BA7BB6F8285A083D00465DEC /* CCConstant.swift */,
			);
			path = Constants;
			sourceTree = "<group>";
		};
		BA7BB6F9285A083D00465DEC /* Extensions */ = {
			isa = PBXGroup;
			children = (
				BA7BB700285A083D00465DEC /* UIViewController+Extension.swift */,
				BA7BB702285A083D00465DEC /* UIScreen+Extension.swift */,
				BA7BB6FA285A083D00465DEC /* UIFont+Extension.swift */,
				BA7BB6FB285A083D00465DEC /* UIColor+Extension.swift */,
				BA7BB6FC285A083D00465DEC /* UILabel+Extension.swift */,
				BA7BB6FD285A083D00465DEC /* UIButton+Extension.swift */,
				BA7BB6FE285A083D00465DEC /* UIView+Extension.swift */,
				BA7BB6FF285A083D00465DEC /* UIImage+Extension.swift */,
				BA7BB701285A083D00465DEC /* String+Extension.swift */,
				BA7BB703285A083D00465DEC /* identifiers.swift */,
				BA7BB704285A083D00465DEC /* NSLocalizedString+Extension.swift */,
			);
			path = Extensions;
			sourceTree = "<group>";
		};
		BA7BB705285A083D00465DEC /* Font */ = {
			isa = PBXGroup;
			children = (
				BA7BB706285A083D00465DEC /* NotoSansCJKtc-Medium.otf */,
				BA7BB707285A083D00465DEC /* NotoSansCJKtc-Regular.otf */,
			);
			path = Font;
			sourceTree = "<group>";
		};
		BA7BB708285A083D00465DEC /* Third Party Wrapper */ = {
			isa = PBXGroup;
			children = (
				BA7BB709285A083D00465DEC /* JGProgressHUDWrapper.swift */,
				BA7BB70A285A083D00465DEC /* MJRefreshWrapper.swift */,
				BA7BB70B285A083D00465DEC /* KingFisherWrapper.swift */,
			);
			path = "Third Party Wrapper";
			sourceTree = "<group>";
		};
		BA7BB726285AE68D00465DEC /* Post */ = {
			isa = PBXGroup;
			children = (
				BA7BB724285AE4D000465DEC /* PostSelectController.swift */,
				BADF1F5F285B3607004CF329 /* PostEditController.swift */,
				BA44773128587ED30045DDB8 /* SelectCafeController.swift */,
			);
			path = Post;
			sourceTree = "<group>";
		};
		BA7BB727285AE9DF00465DEC /* Custom Animation */ = {
			isa = PBXGroup;
			children = (
				BA7BB728285AE9F700465DEC /* UIViewControllerAnimatedTransitioning.swift */,
			);
			path = "Custom Animation";
			sourceTree = "<group>";
		};
		BA7BB72A285AEA6E00465DEC /* Factory */ = {
			isa = PBXGroup;
			children = (
				BA7BB70C285A083D00465DEC /* Factory.swift */,
			);
			path = Factory;
			sourceTree = "<group>";
		};
		BA7BB72B285AEA7E00465DEC /* PostSelect */ = {
			isa = PBXGroup;
			children = (
				BA7BB72E285AEAEA00465DEC /* TopTableViewCell.swift */,
				BA7BB730285B0E6E00465DEC /* ControlSectionHeader.swift */,
				BA7BB732285B181700465DEC /* PhotoWallTableViewCell.swift */,
			);
			path = PostSelect;
			sourceTree = "<group>";
		};
		BADF1F63285C4E32004CF329 /* Cafe */ = {
			isa = PBXGroup;
			children = (
				BADF1F64285C4F78004CF329 /* Cafe.swift */,
				BADF1F61285C4E2E004CF329 /* CafeService.swift */,
			);
			path = Cafe;
			sourceTree = "<group>";
		};
		BADF1F66285C5241004CF329 /* SelectCafe */ = {
			isa = PBXGroup;
			children = (
				BADF1F67285C528C004CF329 /* PlaceCell.swift */,
			);
			path = SelectCafe;
			sourceTree = "<group>";
		};
		BADF1F6B285C84CD004CF329 /* Post */ = {
			isa = PBXGroup;
			children = (
				BADF1F6E285CB504004CF329 /* Post.swift */,
				BADF1F6C285C84DA004CF329 /* PostService.swift */,
			);
			path = Post;
			sourceTree = "<group>";
		};
		BADF1F74285D7C21004CF329 /* Comment */ = {
			isa = PBXGroup;
			children = (
				BADF1F72285D6D64004CF329 /* CommentController.swift */,
			);
			path = Comment;
			sourceTree = "<group>";
		};
		BADF1F75285D7CC0004CF329 /* Comment */ = {
			isa = PBXGroup;
			children = (
				BADF1F76285D7D1A004CF329 /* CommentCell.swift */,
				BADF1F78285D8CDC004CF329 /* CommentInputAccessoryView.swift */,
			);
			path = Comment;
			sourceTree = "<group>";
		};
		BADF1F7A285DB55F004CF329 /* Comment */ = {
			isa = PBXGroup;
			children = (
				BADF1F7D285DC535004CF329 /* Comment.swift */,
				BADF1F7B285DB5A0004CF329 /* CommentService.swift */,
			);
			path = Comment;
			sourceTree = "<group>";
		};
/* End PBXGroup section */

/* Begin PBXNativeTarget section */
		BA44772928587ED30045DDB8 /* CatCafe */ = {
			isa = PBXNativeTarget;
			buildConfigurationList = BA44773E28587ED60045DDB8 /* Build configuration list for PBXNativeTarget "CatCafe" */;
			buildPhases = (
				0A9A83D09B2BD252C1F13597 /* [CP] Check Pods Manifest.lock */,
				BA44772628587ED30045DDB8 /* Sources */,
				BA44772728587ED30045DDB8 /* Frameworks */,
				BA44772828587ED30045DDB8 /* Resources */,
				E3191DA17DA51059EA7203C8 /* [CP] Embed Pods Frameworks */,
				BA447789285956C80045DDB8 /* SwiftLint */,
			);
			buildRules = (
			);
			dependencies = (
			);
			name = CatCafe;
			productName = CatCafe;
			productReference = BA44772A28587ED30045DDB8 /* CatCafe.app */;
			productType = "com.apple.product-type.application";
		};
/* End PBXNativeTarget section */

/* Begin PBXProject section */
		BA44772228587ED30045DDB8 /* Project object */ = {
			isa = PBXProject;
			attributes = {
				BuildIndependentTargetsInParallel = 1;
				LastSwiftUpdateCheck = 1300;
				LastUpgradeCheck = 1300;
				TargetAttributes = {
					BA44772928587ED30045DDB8 = {
						CreatedOnToolsVersion = 13.0;
					};
				};
			};
			buildConfigurationList = BA44772528587ED30045DDB8 /* Build configuration list for PBXProject "CatCafe" */;
			compatibilityVersion = "Xcode 13.0";
			developmentRegion = en;
			hasScannedForEncodings = 0;
			knownRegions = (
				en,
				Base,
			);
			mainGroup = BA44772128587ED30045DDB8;
			productRefGroup = BA44772B28587ED30045DDB8 /* Products */;
			projectDirPath = "";
			projectRoot = "";
			targets = (
				BA44772928587ED30045DDB8 /* CatCafe */,
			);
		};
/* End PBXProject section */

/* Begin PBXResourcesBuildPhase section */
		BA44772828587ED30045DDB8 /* Resources */ = {
			isa = PBXResourcesBuildPhase;
			buildActionMask = 2147483647;
			files = (
				BA7BB719285A083D00465DEC /* NotoSansCJKtc-Medium.otf in Resources */,
				BA44773A28587ED60045DDB8 /* LaunchScreen.storyboard in Resources */,
				BA4477542858A7A70045DDB8 /* GoogleService-Info.plist in Resources */,
				BA7BB71A285A083D00465DEC /* NotoSansCJKtc-Regular.otf in Resources */,
				BA44773728587ED60045DDB8 /* Assets.xcassets in Resources */,
				BA44773528587ED30045DDB8 /* Main.storyboard in Resources */,
			);
			runOnlyForDeploymentPostprocessing = 0;
		};
/* End PBXResourcesBuildPhase section */

/* Begin PBXShellScriptBuildPhase section */
		0A9A83D09B2BD252C1F13597 /* [CP] Check Pods Manifest.lock */ = {
			isa = PBXShellScriptBuildPhase;
			buildActionMask = 2147483647;
			files = (
			);
			inputFileListPaths = (
			);
			inputPaths = (
				"${PODS_PODFILE_DIR_PATH}/Podfile.lock",
				"${PODS_ROOT}/Manifest.lock",
			);
			name = "[CP] Check Pods Manifest.lock";
			outputFileListPaths = (
			);
			outputPaths = (
				"$(DERIVED_FILE_DIR)/Pods-CatCafe-checkManifestLockResult.txt",
			);
			runOnlyForDeploymentPostprocessing = 0;
			shellPath = /bin/sh;
			shellScript = "diff \"${PODS_PODFILE_DIR_PATH}/Podfile.lock\" \"${PODS_ROOT}/Manifest.lock\" > /dev/null\nif [ $? != 0 ] ; then\n    # print error to STDERR\n    echo \"error: The sandbox is not in sync with the Podfile.lock. Run 'pod install' or update your CocoaPods installation.\" >&2\n    exit 1\nfi\n# This output is used by Xcode 'outputs' to avoid re-running this script phase.\necho \"SUCCESS\" > \"${SCRIPT_OUTPUT_FILE_0}\"\n";
			showEnvVarsInLog = 0;
		};
		BA447789285956C80045DDB8 /* SwiftLint */ = {
			isa = PBXShellScriptBuildPhase;
			buildActionMask = 2147483647;
			files = (
			);
			inputFileListPaths = (
			);
			inputPaths = (
			);
			name = SwiftLint;
			outputFileListPaths = (
			);
			outputPaths = (
			);
			runOnlyForDeploymentPostprocessing = 0;
			shellPath = /bin/sh;
			shellScript = "\"${PODS_ROOT}/SwiftLint/swiftlint\"\n";
		};
		E3191DA17DA51059EA7203C8 /* [CP] Embed Pods Frameworks */ = {
			isa = PBXShellScriptBuildPhase;
			buildActionMask = 2147483647;
			files = (
			);
			inputFileListPaths = (
				"${PODS_ROOT}/Target Support Files/Pods-CatCafe/Pods-CatCafe-frameworks-${CONFIGURATION}-input-files.xcfilelist",
			);
			name = "[CP] Embed Pods Frameworks";
			outputFileListPaths = (
				"${PODS_ROOT}/Target Support Files/Pods-CatCafe/Pods-CatCafe-frameworks-${CONFIGURATION}-output-files.xcfilelist",
			);
			runOnlyForDeploymentPostprocessing = 0;
			shellPath = /bin/sh;
			shellScript = "\"${PODS_ROOT}/Target Support Files/Pods-CatCafe/Pods-CatCafe-frameworks.sh\"\n";
			showEnvVarsInLog = 0;
		};
/* End PBXShellScriptBuildPhase section */

/* Begin PBXSourcesBuildPhase section */
		BA44772628587ED30045DDB8 /* Sources */ = {
			isa = PBXSourcesBuildPhase;
			buildActionMask = 2147483647;
			files = (
				BA7BB714285A083D00465DEC /* UIViewController+Extension.swift in Sources */,
				BADF1F73285D6D64004CF329 /* CommentController.swift in Sources */,
				BADF1F68285C528C004CF329 /* PlaceCell.swift in Sources */,
				BA7BB729285AE9F700465DEC /* UIViewControllerAnimatedTransitioning.swift in Sources */,
				BA7BB715285A083D00465DEC /* String+Extension.swift in Sources */,
				BA44779128597ED00045DDB8 /* ProfileHeader.swift in Sources */,
				BA7BB6F42859FAE500465DEC /* ProfileHeaderViewModel.swift in Sources */,
				BA44778C285961A50045DDB8 /* FeedCell.swift in Sources */,
				BA7BB71B285A083D00465DEC /* JGProgressHUDWrapper.swift in Sources */,
				BA7BB70F285A083D00465DEC /* UIColor+Extension.swift in Sources */,
				BA7BB713285A083D00465DEC /* UIImage+Extension.swift in Sources */,
				BA7BB71C285A083D00465DEC /* MJRefreshWrapper.swift in Sources */,
				BA7BB723285AD90400465DEC /* DropDownCell.swift in Sources */,
				BADF1F60285B3607004CF329 /* PostEditController.swift in Sources */,
				BADF1F62285C4E2E004CF329 /* CafeService.swift in Sources */,
				BADF1F65285C4F78004CF329 /* Cafe.swift in Sources */,
				BA4477A82859E0AD0045DDB8 /* AuthService.swift in Sources */,
				BADF1F7E285DC535004CF329 /* Comment.swift in Sources */,
				BA4477992859D0FD0045DDB8 /* User.swift in Sources */,
				BA7BB733285B181700465DEC /* PhotoWallTableViewCell.swift in Sources */,
				BA44774D28588F4B0045DDB8 /* MeetController.swift in Sources */,
				BA44773228587ED30045DDB8 /* SelectCafeController.swift in Sources */,
				BA7BB70D285A083D00465DEC /* CCConstant.swift in Sources */,
				BA7BB731285B0E6E00465DEC /* ControlSectionHeader.swift in Sources */,
				BA4477A22859DEEF0045DDB8 /* CustomTextField.swift in Sources */,
				BADF1F6D285C84DA004CF329 /* PostService.swift in Sources */,
				BA7BB718285A083D00465DEC /* NSLocalizedString+Extension.swift in Sources */,
				BA7BB717285A083D00465DEC /* identifiers.swift in Sources */,
				BADF1F6F285CB504004CF329 /* Post.swift in Sources */,
				BA7BB711285A083D00465DEC /* UIButton+Extension.swift in Sources */,
				BA7BB71D285A083D00465DEC /* KingFisherWrapper.swift in Sources */,
				BA44778F28597DBA0045DDB8 /* ProfileCell.swift in Sources */,
				BADF1F7C285DB5A0004CF329 /* CommentService.swift in Sources */,
				BADF1F79285D8CDC004CF329 /* CommentInputAccessoryView.swift in Sources */,
				BA7BB70E285A083D00465DEC /* UIFont+Extension.swift in Sources */,
				BA4477A42859DF1C0045DDB8 /* RegistrationViewModel.swift in Sources */,
				BA44772E28587ED30045DDB8 /* AppDelegate.swift in Sources */,
				BA7BB6E92859E74C00465DEC /* LoginController.swift in Sources */,
				BA7BB71E285A083D00465DEC /* Factory.swift in Sources */,
				BA44774728588D150045DDB8 /* MainTabController.swift in Sources */,
				BA7BB6E72859E31500465DEC /* ImageUplader.swift in Sources */,
				BA7BB712285A083D00465DEC /* UIView+Extension.swift in Sources */,
				BA4477942859CE2F0045DDB8 /* UserCell.swift in Sources */,
				BA7BB716285A083D00465DEC /* UIScreen+Extension.swift in Sources */,
				BA44773028587ED30045DDB8 /* SceneDelegate.swift in Sources */,
				BADF1F6A285C5353004CF329 /* PlaceCellViewModel.swift in Sources */,
				BADF1F71285CBB99004CF329 /* PostViewModel.swift in Sources */,
				BA44775128588FFD0045DDB8 /* ProfileController.swift in Sources */,
				BADF1F80285DCAA1004CF329 /* CommentViewModel.swift in Sources */,
				BA44774F28588FE40045DDB8 /* CollectionController.swift in Sources */,
				BA44774928588E720045DDB8 /* HomeController.swift in Sources */,
				BA7BB725285AE4D000465DEC /* PostSelectController.swift in Sources */,
				BA4477972859D0280045DDB8 /* UserService.swift in Sources */,
				BA4477AA2859E0DB0045DDB8 /* AuthCredentials.swift in Sources */,
				BA7BB72F285AEAEA00465DEC /* TopTableViewCell.swift in Sources */,
				BA7BB710285A083D00465DEC /* UILabel+Extension.swift in Sources */,
				BA44779F2859DE6C0045DDB8 /* RegistrationController.swift in Sources */,
				BA44779B2859D3950045DDB8 /* UserCellViewModel.swift in Sources */,
				BA44774B28588ECA0045DDB8 /* ExploreController.swift in Sources */,
				BADF1F77285D7D1A004CF329 /* CommentCell.swift in Sources */,
			);
			runOnlyForDeploymentPostprocessing = 0;
		};
/* End PBXSourcesBuildPhase section */

/* Begin PBXVariantGroup section */
		BA44773328587ED30045DDB8 /* Main.storyboard */ = {
			isa = PBXVariantGroup;
			children = (
				BA44773428587ED30045DDB8 /* Base */,
			);
			name = Main.storyboard;
			sourceTree = "<group>";
		};
		BA44773828587ED60045DDB8 /* LaunchScreen.storyboard */ = {
			isa = PBXVariantGroup;
			children = (
				BA44773928587ED60045DDB8 /* Base */,
			);
			name = LaunchScreen.storyboard;
			sourceTree = "<group>";
		};
/* End PBXVariantGroup section */

/* Begin XCBuildConfiguration section */
		BA44773C28587ED60045DDB8 /* Debug */ = {
			isa = XCBuildConfiguration;
			buildSettings = {
				ALWAYS_SEARCH_USER_PATHS = NO;
				CLANG_ANALYZER_NONNULL = YES;
				CLANG_ANALYZER_NUMBER_OBJECT_CONVERSION = YES_AGGRESSIVE;
				CLANG_CXX_LANGUAGE_STANDARD = "gnu++17";
				CLANG_CXX_LIBRARY = "libc++";
				CLANG_ENABLE_MODULES = YES;
				CLANG_ENABLE_OBJC_ARC = YES;
				CLANG_ENABLE_OBJC_WEAK = YES;
				CLANG_WARN_BLOCK_CAPTURE_AUTORELEASING = YES;
				CLANG_WARN_BOOL_CONVERSION = YES;
				CLANG_WARN_COMMA = YES;
				CLANG_WARN_CONSTANT_CONVERSION = YES;
				CLANG_WARN_DEPRECATED_OBJC_IMPLEMENTATIONS = YES;
				CLANG_WARN_DIRECT_OBJC_ISA_USAGE = YES_ERROR;
				CLANG_WARN_DOCUMENTATION_COMMENTS = YES;
				CLANG_WARN_EMPTY_BODY = YES;
				CLANG_WARN_ENUM_CONVERSION = YES;
				CLANG_WARN_INFINITE_RECURSION = YES;
				CLANG_WARN_INT_CONVERSION = YES;
				CLANG_WARN_NON_LITERAL_NULL_CONVERSION = YES;
				CLANG_WARN_OBJC_IMPLICIT_RETAIN_SELF = YES;
				CLANG_WARN_OBJC_LITERAL_CONVERSION = YES;
				CLANG_WARN_OBJC_ROOT_CLASS = YES_ERROR;
				CLANG_WARN_QUOTED_INCLUDE_IN_FRAMEWORK_HEADER = YES;
				CLANG_WARN_RANGE_LOOP_ANALYSIS = YES;
				CLANG_WARN_STRICT_PROTOTYPES = YES;
				CLANG_WARN_SUSPICIOUS_MOVE = YES;
				CLANG_WARN_UNGUARDED_AVAILABILITY = YES_AGGRESSIVE;
				CLANG_WARN_UNREACHABLE_CODE = YES;
				CLANG_WARN__DUPLICATE_METHOD_MATCH = YES;
				COPY_PHASE_STRIP = NO;
				DEBUG_INFORMATION_FORMAT = dwarf;
				ENABLE_STRICT_OBJC_MSGSEND = YES;
				ENABLE_TESTABILITY = YES;
				GCC_C_LANGUAGE_STANDARD = gnu11;
				GCC_DYNAMIC_NO_PIC = NO;
				GCC_NO_COMMON_BLOCKS = YES;
				GCC_OPTIMIZATION_LEVEL = 0;
				GCC_PREPROCESSOR_DEFINITIONS = (
					"DEBUG=1",
					"$(inherited)",
				);
				GCC_WARN_64_TO_32_BIT_CONVERSION = YES;
				GCC_WARN_ABOUT_RETURN_TYPE = YES_ERROR;
				GCC_WARN_UNDECLARED_SELECTOR = YES;
				GCC_WARN_UNINITIALIZED_AUTOS = YES_AGGRESSIVE;
				GCC_WARN_UNUSED_FUNCTION = YES;
				GCC_WARN_UNUSED_VARIABLE = YES;
				IPHONEOS_DEPLOYMENT_TARGET = 15.0;
				MTL_ENABLE_DEBUG_INFO = INCLUDE_SOURCE;
				MTL_FAST_MATH = YES;
				ONLY_ACTIVE_ARCH = YES;
				SDKROOT = iphoneos;
				SWIFT_ACTIVE_COMPILATION_CONDITIONS = DEBUG;
				SWIFT_OPTIMIZATION_LEVEL = "-Onone";
			};
			name = Debug;
		};
		BA44773D28587ED60045DDB8 /* Release */ = {
			isa = XCBuildConfiguration;
			buildSettings = {
				ALWAYS_SEARCH_USER_PATHS = NO;
				CLANG_ANALYZER_NONNULL = YES;
				CLANG_ANALYZER_NUMBER_OBJECT_CONVERSION = YES_AGGRESSIVE;
				CLANG_CXX_LANGUAGE_STANDARD = "gnu++17";
				CLANG_CXX_LIBRARY = "libc++";
				CLANG_ENABLE_MODULES = YES;
				CLANG_ENABLE_OBJC_ARC = YES;
				CLANG_ENABLE_OBJC_WEAK = YES;
				CLANG_WARN_BLOCK_CAPTURE_AUTORELEASING = YES;
				CLANG_WARN_BOOL_CONVERSION = YES;
				CLANG_WARN_COMMA = YES;
				CLANG_WARN_CONSTANT_CONVERSION = YES;
				CLANG_WARN_DEPRECATED_OBJC_IMPLEMENTATIONS = YES;
				CLANG_WARN_DIRECT_OBJC_ISA_USAGE = YES_ERROR;
				CLANG_WARN_DOCUMENTATION_COMMENTS = YES;
				CLANG_WARN_EMPTY_BODY = YES;
				CLANG_WARN_ENUM_CONVERSION = YES;
				CLANG_WARN_INFINITE_RECURSION = YES;
				CLANG_WARN_INT_CONVERSION = YES;
				CLANG_WARN_NON_LITERAL_NULL_CONVERSION = YES;
				CLANG_WARN_OBJC_IMPLICIT_RETAIN_SELF = YES;
				CLANG_WARN_OBJC_LITERAL_CONVERSION = YES;
				CLANG_WARN_OBJC_ROOT_CLASS = YES_ERROR;
				CLANG_WARN_QUOTED_INCLUDE_IN_FRAMEWORK_HEADER = YES;
				CLANG_WARN_RANGE_LOOP_ANALYSIS = YES;
				CLANG_WARN_STRICT_PROTOTYPES = YES;
				CLANG_WARN_SUSPICIOUS_MOVE = YES;
				CLANG_WARN_UNGUARDED_AVAILABILITY = YES_AGGRESSIVE;
				CLANG_WARN_UNREACHABLE_CODE = YES;
				CLANG_WARN__DUPLICATE_METHOD_MATCH = YES;
				COPY_PHASE_STRIP = NO;
				DEBUG_INFORMATION_FORMAT = "dwarf-with-dsym";
				ENABLE_NS_ASSERTIONS = NO;
				ENABLE_STRICT_OBJC_MSGSEND = YES;
				GCC_C_LANGUAGE_STANDARD = gnu11;
				GCC_NO_COMMON_BLOCKS = YES;
				GCC_WARN_64_TO_32_BIT_CONVERSION = YES;
				GCC_WARN_ABOUT_RETURN_TYPE = YES_ERROR;
				GCC_WARN_UNDECLARED_SELECTOR = YES;
				GCC_WARN_UNINITIALIZED_AUTOS = YES_AGGRESSIVE;
				GCC_WARN_UNUSED_FUNCTION = YES;
				GCC_WARN_UNUSED_VARIABLE = YES;
				IPHONEOS_DEPLOYMENT_TARGET = 15.0;
				MTL_ENABLE_DEBUG_INFO = NO;
				MTL_FAST_MATH = YES;
				SDKROOT = iphoneos;
				SWIFT_COMPILATION_MODE = wholemodule;
				SWIFT_OPTIMIZATION_LEVEL = "-O";
				VALIDATE_PRODUCT = YES;
			};
			name = Release;
		};
		BA44773F28587ED60045DDB8 /* Debug */ = {
			isa = XCBuildConfiguration;
			baseConfigurationReference = 4E0E47A2693EFAE274521BB1 /* Pods-CatCafe.debug.xcconfig */;
			buildSettings = {
				ASSETCATALOG_COMPILER_APPICON_NAME = AppIcon;
				ASSETCATALOG_COMPILER_GLOBAL_ACCENT_COLOR_NAME = AccentColor;
				CODE_SIGN_STYLE = Automatic;
				CURRENT_PROJECT_VERSION = 1;
				DEVELOPMENT_TEAM = CNCBQDYY2M;
				GENERATE_INFOPLIST_FILE = YES;
				INFOPLIST_FILE = CatCafe/Info.plist;
				INFOPLIST_KEY_UIApplicationSupportsIndirectInputEvents = YES;
				INFOPLIST_KEY_UILaunchStoryboardName = LaunchScreen;
				INFOPLIST_KEY_UIMainStoryboardFile = Main;
				INFOPLIST_KEY_UISupportedInterfaceOrientations_iPad = "UIInterfaceOrientationPortrait UIInterfaceOrientationPortraitUpsideDown UIInterfaceOrientationLandscapeLeft UIInterfaceOrientationLandscapeRight";
				INFOPLIST_KEY_UISupportedInterfaceOrientations_iPhone = "UIInterfaceOrientationPortrait UIInterfaceOrientationLandscapeLeft UIInterfaceOrientationLandscapeRight";
				LD_RUNPATH_SEARCH_PATHS = (
					"$(inherited)",
					"@executable_path/Frameworks",
				);
				MARKETING_VERSION = 1.0;
				PRODUCT_BUNDLE_IDENTIFIER = com.ethanchen.CatCafe;
				PRODUCT_NAME = "$(TARGET_NAME)";
				SWIFT_EMIT_LOC_STRINGS = YES;
				SWIFT_VERSION = 5.0;
				TARGETED_DEVICE_FAMILY = "1,2";
			};
			name = Debug;
		};
		BA44774028587ED60045DDB8 /* Release */ = {
			isa = XCBuildConfiguration;
			baseConfigurationReference = 8852A86100C2CA5E83D874BE /* Pods-CatCafe.release.xcconfig */;
			buildSettings = {
				ASSETCATALOG_COMPILER_APPICON_NAME = AppIcon;
				ASSETCATALOG_COMPILER_GLOBAL_ACCENT_COLOR_NAME = AccentColor;
				CODE_SIGN_STYLE = Automatic;
				CURRENT_PROJECT_VERSION = 1;
				DEVELOPMENT_TEAM = CNCBQDYY2M;
				GENERATE_INFOPLIST_FILE = YES;
				INFOPLIST_FILE = CatCafe/Info.plist;
				INFOPLIST_KEY_UIApplicationSupportsIndirectInputEvents = YES;
				INFOPLIST_KEY_UILaunchStoryboardName = LaunchScreen;
				INFOPLIST_KEY_UIMainStoryboardFile = Main;
				INFOPLIST_KEY_UISupportedInterfaceOrientations_iPad = "UIInterfaceOrientationPortrait UIInterfaceOrientationPortraitUpsideDown UIInterfaceOrientationLandscapeLeft UIInterfaceOrientationLandscapeRight";
				INFOPLIST_KEY_UISupportedInterfaceOrientations_iPhone = "UIInterfaceOrientationPortrait UIInterfaceOrientationLandscapeLeft UIInterfaceOrientationLandscapeRight";
				LD_RUNPATH_SEARCH_PATHS = (
					"$(inherited)",
					"@executable_path/Frameworks",
				);
				MARKETING_VERSION = 1.0;
				PRODUCT_BUNDLE_IDENTIFIER = com.ethanchen.CatCafe;
				PRODUCT_NAME = "$(TARGET_NAME)";
				SWIFT_EMIT_LOC_STRINGS = YES;
				SWIFT_VERSION = 5.0;
				TARGETED_DEVICE_FAMILY = "1,2";
			};
			name = Release;
		};
/* End XCBuildConfiguration section */

/* Begin XCConfigurationList section */
		BA44772528587ED30045DDB8 /* Build configuration list for PBXProject "CatCafe" */ = {
			isa = XCConfigurationList;
			buildConfigurations = (
				BA44773C28587ED60045DDB8 /* Debug */,
				BA44773D28587ED60045DDB8 /* Release */,
			);
			defaultConfigurationIsVisible = 0;
			defaultConfigurationName = Release;
		};
		BA44773E28587ED60045DDB8 /* Build configuration list for PBXNativeTarget "CatCafe" */ = {
			isa = XCConfigurationList;
			buildConfigurations = (
				BA44773F28587ED60045DDB8 /* Debug */,
				BA44774028587ED60045DDB8 /* Release */,
			);
			defaultConfigurationIsVisible = 0;
			defaultConfigurationName = Release;
		};
/* End XCConfigurationList section */
	};
	rootObject = BA44772228587ED30045DDB8 /* Project object */;
}
